// !$*UTF8*$!
{
	archiveVersion = 1;
	classes = {
	};
	objectVersion = 56;
	objects = {

/* Begin PBXBuildFile section */
		882EB5C32B8538450007EB80 /* SwiftfulThinkingContinuedLearningApp.swift in Sources */ = {isa = PBXBuildFile; fileRef = 882EB5C22B8538450007EB80 /* SwiftfulThinkingContinuedLearningApp.swift */; };
		882EB5C52B8538450007EB80 /* ContentView.swift in Sources */ = {isa = PBXBuildFile; fileRef = 882EB5C42B8538450007EB80 /* ContentView.swift */; };
		882EB5C72B8538470007EB80 /* Assets.xcassets in Resources */ = {isa = PBXBuildFile; fileRef = 882EB5C62B8538470007EB80 /* Assets.xcassets */; };
		882EB5CA2B8538470007EB80 /* Preview Assets.xcassets in Resources */ = {isa = PBXBuildFile; fileRef = 882EB5C92B8538470007EB80 /* Preview Assets.xcassets */; };
		882EB5D12B8539710007EB80 /* 2.LongPressGestureBootcamp.swift in Sources */ = {isa = PBXBuildFile; fileRef = 882EB5D02B8539710007EB80 /* 2.LongPressGestureBootcamp.swift */; };
		882EB5D32B86364A0007EB80 /* 3.MagnificationBootcamp.swift in Sources */ = {isa = PBXBuildFile; fileRef = 882EB5D22B86364A0007EB80 /* 3.MagnificationBootcamp.swift */; };
		882EB5D52B86605B0007EB80 /* 4.RotationGestureBootcamp.swift in Sources */ = {isa = PBXBuildFile; fileRef = 882EB5D42B86605B0007EB80 /* 4.RotationGestureBootcamp.swift */; };
		882EB5D72B86A6D70007EB80 /* 5.GragGestoreBoocamp.swift in Sources */ = {isa = PBXBuildFile; fileRef = 882EB5D62B86A6D70007EB80 /* 5.GragGestoreBoocamp.swift */; };
		882EB5D92B86B2C50007EB80 /* 5.DragGestureBootcamp2.swift in Sources */ = {isa = PBXBuildFile; fileRef = 882EB5D82B86B2C50007EB80 /* 5.DragGestureBootcamp2.swift */; };
		882EB5DB2B8774120007EB80 /* 6.ScrollViewReaderBootcamp.swift in Sources */ = {isa = PBXBuildFile; fileRef = 882EB5DA2B8774120007EB80 /* 6.ScrollViewReaderBootcamp.swift */; };
		882EB5DD2B87812D0007EB80 /* 7.GeomtryReaderBootcamp.swift in Sources */ = {isa = PBXBuildFile; fileRef = 882EB5DC2B87812D0007EB80 /* 7.GeomtryReaderBootcamp.swift */; };
		882EB5E22B878BEB0007EB80 /* 8.MultipleSheetsBootcamp.swift in Sources */ = {isa = PBXBuildFile; fileRef = 882EB5E12B878BEB0007EB80 /* 8.MultipleSheetsBootcamp.swift */; };
		882EB5E42B87C44A0007EB80 /* 9.MaskBootcamp.swift in Sources */ = {isa = PBXBuildFile; fileRef = 882EB5E32B87C44A0007EB80 /* 9.MaskBootcamp.swift */; };
		882EB5E62B87F0F50007EB80 /* 10.SoundsBootcamp.swift in Sources */ = {isa = PBXBuildFile; fileRef = 882EB5E52B87F0F50007EB80 /* 10.SoundsBootcamp.swift */; };
		882EB5E92B87FEE90007EB80 /* badum.mp3 in Resources */ = {isa = PBXBuildFile; fileRef = 882EB5E82B87FEE80007EB80 /* badum.mp3 */; };
		882EB5EB2B87FEF70007EB80 /* tada.mp3 in Resources */ = {isa = PBXBuildFile; fileRef = 882EB5EA2B87FEF70007EB80 /* tada.mp3 */; };
		882EB5ED2B88DBC90007EB80 /* 11.HapticsBootcamp.swift in Sources */ = {isa = PBXBuildFile; fileRef = 882EB5EC2B88DBC90007EB80 /* 11.HapticsBootcamp.swift */; };
		882EB5EF2B88E7EA0007EB80 /* 12.LocalNotificationBootcamp.swift in Sources */ = {isa = PBXBuildFile; fileRef = 882EB5EE2B88E7EA0007EB80 /* 12.LocalNotificationBootcamp.swift */; };
		882EB5F12B8911FC0007EB80 /* 13.HasableBootcamp.swift in Sources */ = {isa = PBXBuildFile; fileRef = 882EB5F02B8911FC0007EB80 /* 13.HasableBootcamp.swift */; };
		882EB5F32B8925CC0007EB80 /* 14.ArraysBootcamp.swift in Sources */ = {isa = PBXBuildFile; fileRef = 882EB5F22B8925CC0007EB80 /* 14.ArraysBootcamp.swift */; };
		8856F0732B8A313200DD87F6 /* 18.BackgroundThreadBootcamp.swift in Sources */ = {isa = PBXBuildFile; fileRef = 8856F0722B8A313200DD87F6 /* 18.BackgroundThreadBootcamp.swift */; };
		8861D13A2B8A7E7D00868CD1 /* 19.WeakSelfBootcamp.swift in Sources */ = {isa = PBXBuildFile; fileRef = 8861D1392B8A7E7D00868CD1 /* 19.WeakSelfBootcamp.swift */; };
		8861D13C2B8ABE6100868CD1 /* 20.TypealiasBootcamp.swift in Sources */ = {isa = PBXBuildFile; fileRef = 8861D13B2B8ABE6100868CD1 /* 20.TypealiasBootcamp.swift */; };
		8861D13E2B8B7B3D00868CD1 /* 21.EspacingBootcamp.swift in Sources */ = {isa = PBXBuildFile; fileRef = 8861D13D2B8B7B3D00868CD1 /* 21.EspacingBootcamp.swift */; };
		8861D1402B8B8DEB00868CD1 /* 22.CodableBootcamp.swift in Sources */ = {isa = PBXBuildFile; fileRef = 8861D13F2B8B8DEB00868CD1 /* 22.CodableBootcamp.swift */; };
		88995B4A2B8CBBC70002A582 /* DownloadWithEscapingBootcamp.swift in Sources */ = {isa = PBXBuildFile; fileRef = 88995B492B8CBBC70002A582 /* DownloadWithEscapingBootcamp.swift */; };
		889B5EC12B8CEEBF008F5C83 /* DownloadWithCombine.swift in Sources */ = {isa = PBXBuildFile; fileRef = 889B5EC02B8CEEBF008F5C83 /* DownloadWithCombine.swift */; };
		889B5EC32B8E061F008F5C83 /* 25.TimerBootcamp.swift in Sources */ = {isa = PBXBuildFile; fileRef = 889B5EC22B8E061F008F5C83 /* 25.TimerBootcamp.swift */; };
		889B5EC52B8E21BE008F5C83 /* 26.SubscriberBootcamp.swift in Sources */ = {isa = PBXBuildFile; fileRef = 889B5EC42B8E21BE008F5C83 /* 26.SubscriberBootcamp.swift */; };
		889B5EC72B8F611F008F5C83 /* 28.FileManagerBootcamp.swift in Sources */ = {isa = PBXBuildFile; fileRef = 889B5EC62B8F611F008F5C83 /* 28.FileManagerBootcamp.swift */; };
		88D5129E2B92178E0027545F /* DownloadingImagesBootcamp.swift in Sources */ = {isa = PBXBuildFile; fileRef = 88D5129D2B92178E0027545F /* DownloadingImagesBootcamp.swift */; };
		88D512A02B921B440027545F /* PhotoModel.swift in Sources */ = {isa = PBXBuildFile; fileRef = 88D5129F2B921B440027545F /* PhotoModel.swift */; };
		88D512A22B921DDC0027545F /* DownloadingImagesViewModel.swift in Sources */ = {isa = PBXBuildFile; fileRef = 88D512A12B921DDC0027545F /* DownloadingImagesViewModel.swift */; };
		88D512A42B9250EA0027545F /* PhotoModelDataService.swift in Sources */ = {isa = PBXBuildFile; fileRef = 88D512A32B9250EA0027545F /* PhotoModelDataService.swift */; };
		88D512A62B9270280027545F /* DownloadingImagesRow.swift in Sources */ = {isa = PBXBuildFile; fileRef = 88D512A52B9270280027545F /* DownloadingImagesRow.swift */; };
		88D512A82B9272B70027545F /* DownloadingImageView.swift in Sources */ = {isa = PBXBuildFile; fileRef = 88D512A72B9272B70027545F /* DownloadingImageView.swift */; };
		88D512AA2B9273CA0027545F /* ImageLoadingViewModel.swift in Sources */ = {isa = PBXBuildFile; fileRef = 88D512A92B9273CA0027545F /* ImageLoadingViewModel.swift */; };
		88D512AC2B928D740027545F /* PhotoModelCacheManager.swift in Sources */ = {isa = PBXBuildFile; fileRef = 88D512AB2B928D740027545F /* PhotoModelCacheManager.swift */; };
		88D512AE2B9295850027545F /* PhotoModelFileManager.swift in Sources */ = {isa = PBXBuildFile; fileRef = 88D512AD2B9295850027545F /* PhotoModelFileManager.swift */; };
		88D512B02B9340B10027545F /* 30.AccessibilityTextBoocamp.swift in Sources */ = {isa = PBXBuildFile; fileRef = 88D512AF2B9340B10027545F /* 30.AccessibilityTextBoocamp.swift */; };
		88D512B22B9367FD0027545F /* 31.AccesibilityColorsBootcamp.swift in Sources */ = {isa = PBXBuildFile; fileRef = 88D512B12B9367FD0027545F /* 31.AccesibilityColorsBootcamp.swift */; };
		88D512B42B93781E0027545F /* 32.AccesibilityVoiceBootcamp.swift in Sources */ = {isa = PBXBuildFile; fileRef = 88D512B32B93781E0027545F /* 32.AccesibilityVoiceBootcamp.swift */; };
		88D512B62B94A3670027545F /* 33.AligmentGuideBootcamp.swift in Sources */ = {isa = PBXBuildFile; fileRef = 88D512B52B94A3670027545F /* 33.AligmentGuideBootcamp.swift */; };
		88D5133A2B94C03F0027545F /* Screenshot 0.jpg in Resources */ = {isa = PBXBuildFile; fileRef = 88D512B92B94C03F0027545F /* Screenshot 0.jpg */; };
		88D5133B2B94C03F0027545F /* Screenshot 3.jpg in Resources */ = {isa = PBXBuildFile; fileRef = 88D512BB2B94C03F0027545F /* Screenshot 3.jpg */; };
		88D5133C2B94C03F0027545F /* Screenshot 2.jpg in Resources */ = {isa = PBXBuildFile; fileRef = 88D512BC2B94C03F0027545F /* Screenshot 2.jpg */; };
		88D5133D2B94C03F0027545F /* Screenshot 0.jpg in Resources */ = {isa = PBXBuildFile; fileRef = 88D512BD2B94C03F0027545F /* Screenshot 0.jpg */; };
		88D5133E2B94C03F0027545F /* Screenshot 1.jpg in Resources */ = {isa = PBXBuildFile; fileRef = 88D512BE2B94C03F0027545F /* Screenshot 1.jpg */; };
		88D5133F2B94C03F0027545F /* Screenshot 5.jpg in Resources */ = {isa = PBXBuildFile; fileRef = 88D512BF2B94C03F0027545F /* Screenshot 5.jpg */; };
		88D513402B94C03F0027545F /* Screenshot 4.jpg in Resources */ = {isa = PBXBuildFile; fileRef = 88D512C02B94C03F0027545F /* Screenshot 4.jpg */; };
		88D513412B94C03F0027545F /* Screenshot 6.jpg in Resources */ = {isa = PBXBuildFile; fileRef = 88D512C12B94C03F0027545F /* Screenshot 6.jpg */; };
		88D513422B94C03F0027545F /* Screenshot 3.jpg in Resources */ = {isa = PBXBuildFile; fileRef = 88D512C32B94C03F0027545F /* Screenshot 3.jpg */; };
		88D513432B94C03F0027545F /* Screenshot 2.jpg in Resources */ = {isa = PBXBuildFile; fileRef = 88D512C42B94C03F0027545F /* Screenshot 2.jpg */; };
		88D513442B94C03F0027545F /* Screenshot 0.png in Resources */ = {isa = PBXBuildFile; fileRef = 88D512C52B94C03F0027545F /* Screenshot 0.png */; };
		88D513452B94C03F0027545F /* Screenshot 1.jpg in Resources */ = {isa = PBXBuildFile; fileRef = 88D512C62B94C03F0027545F /* Screenshot 1.jpg */; };
		88D513462B94C03F0027545F /* Screenshot 5.jpg in Resources */ = {isa = PBXBuildFile; fileRef = 88D512C72B94C03F0027545F /* Screenshot 5.jpg */; };
		88D513472B94C03F0027545F /* Screenshot 4.jpg in Resources */ = {isa = PBXBuildFile; fileRef = 88D512C82B94C03F0027545F /* Screenshot 4.jpg */; };
		88D513482B94C03F0027545F /* Screenshot 3.png in Resources */ = {isa = PBXBuildFile; fileRef = 88D512CA2B94C03F0027545F /* Screenshot 3.png */; };
		88D513492B94C03F0027545F /* Screenshot 2.png in Resources */ = {isa = PBXBuildFile; fileRef = 88D512CB2B94C03F0027545F /* Screenshot 2.png */; };
		88D5134A2B94C03F0027545F /* Screenshot 0.jpg in Resources */ = {isa = PBXBuildFile; fileRef = 88D512CC2B94C03F0027545F /* Screenshot 0.jpg */; };
		88D5134B2B94C03F0027545F /* Screenshot 1.png in Resources */ = {isa = PBXBuildFile; fileRef = 88D512CD2B94C03F0027545F /* Screenshot 1.png */; };
		88D5134C2B94C03F0027545F /* Screenshot 5.png in Resources */ = {isa = PBXBuildFile; fileRef = 88D512CE2B94C03F0027545F /* Screenshot 5.png */; };
		88D5134D2B94C03F0027545F /* Screenshot 4.png in Resources */ = {isa = PBXBuildFile; fileRef = 88D512CF2B94C03F0027545F /* Screenshot 4.png */; };
		88D5134E2B94C03F0027545F /* Screenshot 6.png in Resources */ = {isa = PBXBuildFile; fileRef = 88D512D02B94C03F0027545F /* Screenshot 6.png */; };
		88D5134F2B94C03F0027545F /* Screenshot 7.png in Resources */ = {isa = PBXBuildFile; fileRef = 88D512D12B94C03F0027545F /* Screenshot 7.png */; };
		88D513502B94C03F0027545F /* Screenshot 3.jpg in Resources */ = {isa = PBXBuildFile; fileRef = 88D512D42B94C03F0027545F /* Screenshot 3.jpg */; };
		88D513512B94C03F0027545F /* Screenshot 2.jpg in Resources */ = {isa = PBXBuildFile; fileRef = 88D512D52B94C03F0027545F /* Screenshot 2.jpg */; };
		88D513522B94C03F0027545F /* Screenshot 0.jpg in Resources */ = {isa = PBXBuildFile; fileRef = 88D512D62B94C03F0027545F /* Screenshot 0.jpg */; };
		88D513532B94C03F0027545F /* Screenshot 1.jpg in Resources */ = {isa = PBXBuildFile; fileRef = 88D512D72B94C03F0027545F /* Screenshot 1.jpg */; };
		88D513542B94C03F0027545F /* Screenshot 3.jpg in Resources */ = {isa = PBXBuildFile; fileRef = 88D512D92B94C03F0027545F /* Screenshot 3.jpg */; };
		88D513552B94C03F0027545F /* Screenshot 2.jpg in Resources */ = {isa = PBXBuildFile; fileRef = 88D512DA2B94C03F0027545F /* Screenshot 2.jpg */; };
		88D513562B94C03F0027545F /* Screenshot 0.jpg in Resources */ = {isa = PBXBuildFile; fileRef = 88D512DB2B94C03F0027545F /* Screenshot 0.jpg */; };
		88D513572B94C03F0027545F /* Screenshot 1.jpg in Resources */ = {isa = PBXBuildFile; fileRef = 88D512DC2B94C03F0027545F /* Screenshot 1.jpg */; };
		88D513582B94C03F0027545F /* Screenshot 5.jpg in Resources */ = {isa = PBXBuildFile; fileRef = 88D512DD2B94C03F0027545F /* Screenshot 5.jpg */; };
		88D513592B94C03F0027545F /* Screenshot 4.jpg in Resources */ = {isa = PBXBuildFile; fileRef = 88D512DE2B94C03F0027545F /* Screenshot 4.jpg */; };
		88D5135A2B94C03F0027545F /* Screenshot 6.jpg in Resources */ = {isa = PBXBuildFile; fileRef = 88D512DF2B94C03F0027545F /* Screenshot 6.jpg */; };
		88D5135B2B94C03F0027545F /* Screenshot 9.jpg in Resources */ = {isa = PBXBuildFile; fileRef = 88D512E12B94C03F0027545F /* Screenshot 9.jpg */; };
		88D5135C2B94C03F0027545F /* Screenshot 8.jpg in Resources */ = {isa = PBXBuildFile; fileRef = 88D512E22B94C03F0027545F /* Screenshot 8.jpg */; };
		88D5135D2B94C03F0027545F /* Screenshot 10.jpg in Resources */ = {isa = PBXBuildFile; fileRef = 88D512E32B94C03F0027545F /* Screenshot 10.jpg */; };
		88D5135E2B94C03F0027545F /* Screenshot 3.jpg in Resources */ = {isa = PBXBuildFile; fileRef = 88D512E42B94C03F0027545F /* Screenshot 3.jpg */; };
		88D5135F2B94C03F0027545F /* Screenshot 2.jpg in Resources */ = {isa = PBXBuildFile; fileRef = 88D512E52B94C03F0027545F /* Screenshot 2.jpg */; };
		88D513602B94C03F0027545F /* Screenshot 0.jpg in Resources */ = {isa = PBXBuildFile; fileRef = 88D512E62B94C03F0027545F /* Screenshot 0.jpg */; };
		88D513612B94C03F0027545F /* Screenshot 1.jpg in Resources */ = {isa = PBXBuildFile; fileRef = 88D512E72B94C03F0027545F /* Screenshot 1.jpg */; };
		88D513622B94C03F0027545F /* Screenshot 5.jpg in Resources */ = {isa = PBXBuildFile; fileRef = 88D512E82B94C03F0027545F /* Screenshot 5.jpg */; };
		88D513632B94C03F0027545F /* Screenshot 4.jpg in Resources */ = {isa = PBXBuildFile; fileRef = 88D512E92B94C03F0027545F /* Screenshot 4.jpg */; };
		88D513642B94C03F0027545F /* Screenshot 6.jpg in Resources */ = {isa = PBXBuildFile; fileRef = 88D512EA2B94C03F0027545F /* Screenshot 6.jpg */; };
		88D513652B94C03F0027545F /* Screenshot 7.jpg in Resources */ = {isa = PBXBuildFile; fileRef = 88D512EB2B94C03F0027545F /* Screenshot 7.jpg */; };
		88D513662B94C03F0027545F /* Screenshot 3.jpg in Resources */ = {isa = PBXBuildFile; fileRef = 88D512ED2B94C03F0027545F /* Screenshot 3.jpg */; };
		88D513672B94C03F0027545F /* Screenshot 2.jpg in Resources */ = {isa = PBXBuildFile; fileRef = 88D512EE2B94C03F0027545F /* Screenshot 2.jpg */; };
		88D513682B94C03F0027545F /* Screenshot 0.jpg in Resources */ = {isa = PBXBuildFile; fileRef = 88D512EF2B94C03F0027545F /* Screenshot 0.jpg */; };
		88D513692B94C03F0027545F /* Screenshot 1.jpg in Resources */ = {isa = PBXBuildFile; fileRef = 88D512F02B94C03F0027545F /* Screenshot 1.jpg */; };
		88D5136A2B94C03F0027545F /* Screenshot 4.jpg in Resources */ = {isa = PBXBuildFile; fileRef = 88D512F12B94C03F0027545F /* Screenshot 4.jpg */; };
		88D5136B2B94C03F0027545F /* Screenshot 2.jpg in Resources */ = {isa = PBXBuildFile; fileRef = 88D512F32B94C03F0027545F /* Screenshot 2.jpg */; };
		88D5136C2B94C03F0027545F /* Screenshot 0.jpg in Resources */ = {isa = PBXBuildFile; fileRef = 88D512F42B94C03F0027545F /* Screenshot 0.jpg */; };
		88D5136D2B94C03F0027545F /* Screenshot 1.jpg in Resources */ = {isa = PBXBuildFile; fileRef = 88D512F52B94C03F0027545F /* Screenshot 1.jpg */; };
		88D5136E2B94C03F0027545F /* Screenshot 0.jpg in Resources */ = {isa = PBXBuildFile; fileRef = 88D512F72B94C03F0027545F /* Screenshot 0.jpg */; };
		88D5136F2B94C03F0027545F /* Screenshot 0.png in Resources */ = {isa = PBXBuildFile; fileRef = 88D512F92B94C03F0027545F /* Screenshot 0.png */; };
		88D513702B94C03F0027545F /* Screenshot 1.png in Resources */ = {isa = PBXBuildFile; fileRef = 88D512FA2B94C03F0027545F /* Screenshot 1.png */; };
		88D513712B94C03F0027545F /* Screenshot 2.jpg in Resources */ = {isa = PBXBuildFile; fileRef = 88D512FC2B94C03F0027545F /* Screenshot 2.jpg */; };
		88D513722B94C03F0027545F /* Screenshot 0.jpg in Resources */ = {isa = PBXBuildFile; fileRef = 88D512FD2B94C03F0027545F /* Screenshot 0.jpg */; };
		88D513732B94C03F0027545F /* Screenshot 1.jpg in Resources */ = {isa = PBXBuildFile; fileRef = 88D512FE2B94C03F0027545F /* Screenshot 1.jpg */; };
		88D513742B94C03F0027545F /* Screenshot 0.jpg in Resources */ = {isa = PBXBuildFile; fileRef = 88D513002B94C03F0027545F /* Screenshot 0.jpg */; };
		88D513752B94C03F0027545F /* Screenshot 1.jpg in Resources */ = {isa = PBXBuildFile; fileRef = 88D513012B94C03F0027545F /* Screenshot 1.jpg */; };
		88D513762B94C03F0027545F /* Simulator Screenshot - iPhone 15 Pro - 2024-03-01 at 19.57.50.png in Resources */ = {isa = PBXBuildFile; fileRef = 88D513022B94C03F0027545F /* Simulator Screenshot - iPhone 15 Pro - 2024-03-01 at 19.57.50.png */; };
		88D513772B94C03F0027545F /* Screenshot 0.jpg in Resources */ = {isa = PBXBuildFile; fileRef = 88D513042B94C03F0027545F /* Screenshot 0.jpg */; };
		88D513782B94C03F0027545F /* Screenshot 2.jpg in Resources */ = {isa = PBXBuildFile; fileRef = 88D513062B94C03F0027545F /* Screenshot 2.jpg */; };
		88D513792B94C03F0027545F /* Screenshot 0.jpg in Resources */ = {isa = PBXBuildFile; fileRef = 88D513072B94C03F0027545F /* Screenshot 0.jpg */; };
		88D5137A2B94C03F0027545F /* Screenshot 1.jpg in Resources */ = {isa = PBXBuildFile; fileRef = 88D513082B94C03F0027545F /* Screenshot 1.jpg */; };
		88D5137B2B94C03F0027545F /* Screenshot 0.jpg in Resources */ = {isa = PBXBuildFile; fileRef = 88D5130A2B94C03F0027545F /* Screenshot 0.jpg */; };
		88D5137C2B94C03F0027545F /* Screenshot 1.jpg in Resources */ = {isa = PBXBuildFile; fileRef = 88D5130B2B94C03F0027545F /* Screenshot 1.jpg */; };
		88D5137D2B94C03F0027545F /* Screenshot 0.png in Resources */ = {isa = PBXBuildFile; fileRef = 88D5130D2B94C03F0027545F /* Screenshot 0.png */; };
		88D5137E2B94C03F0027545F /* Screenshot 3.jpg in Resources */ = {isa = PBXBuildFile; fileRef = 88D5130F2B94C03F0027545F /* Screenshot 3.jpg */; };
		88D5137F2B94C03F0027545F /* Screenshot 2.jpg in Resources */ = {isa = PBXBuildFile; fileRef = 88D513102B94C03F0027545F /* Screenshot 2.jpg */; };
		88D513802B94C03F0027545F /* Screenshot 1.png in Resources */ = {isa = PBXBuildFile; fileRef = 88D513112B94C03F0027545F /* Screenshot 1.png */; };
		88D513812B94C03F0027545F /* Screenshot 4.jpg in Resources */ = {isa = PBXBuildFile; fileRef = 88D513122B94C03F0027545F /* Screenshot 4.jpg */; };
		88D513822B94C03F0027545F /* Screenshot 1-1.png in Resources */ = {isa = PBXBuildFile; fileRef = 88D513132B94C03F0027545F /* Screenshot 1-1.png */; };
		88D513832B94C03F0027545F /* Screenshot 0.jpg in Resources */ = {isa = PBXBuildFile; fileRef = 88D513152B94C03F0027545F /* Screenshot 0.jpg */; };
		88D513842B94C03F0027545F /* Screenshot 0.jpg in Resources */ = {isa = PBXBuildFile; fileRef = 88D513172B94C03F0027545F /* Screenshot 0.jpg */; };
		88D513852B94C03F0027545F /* Screenshot 1.jpg in Resources */ = {isa = PBXBuildFile; fileRef = 88D513182B94C03F0027545F /* Screenshot 1.jpg */; };
		88D513862B94C03F0027545F /* Screenshot 8.jpg in Resources */ = {isa = PBXBuildFile; fileRef = 88D5131A2B94C03F0027545F /* Screenshot 8.jpg */; };
		88D513872B94C03F0027545F /* Screenshot 3.jpg in Resources */ = {isa = PBXBuildFile; fileRef = 88D5131B2B94C03F0027545F /* Screenshot 3.jpg */; };
		88D513882B94C03F0027545F /* Screenshot 2.jpg in Resources */ = {isa = PBXBuildFile; fileRef = 88D5131C2B94C03F0027545F /* Screenshot 2.jpg */; };
		88D513892B94C03F0027545F /* Screenshot 0.jpg in Resources */ = {isa = PBXBuildFile; fileRef = 88D5131D2B94C03F0027545F /* Screenshot 0.jpg */; };
		88D5138A2B94C03F0027545F /* Screenshot 1.jpg in Resources */ = {isa = PBXBuildFile; fileRef = 88D5131E2B94C03F0027545F /* Screenshot 1.jpg */; };
		88D5138B2B94C03F0027545F /* Screenshot 5.jpg in Resources */ = {isa = PBXBuildFile; fileRef = 88D5131F2B94C03F0027545F /* Screenshot 5.jpg */; };
		88D5138C2B94C03F0027545F /* Screenshot 4.jpg in Resources */ = {isa = PBXBuildFile; fileRef = 88D513202B94C03F0027545F /* Screenshot 4.jpg */; };
		88D5138D2B94C03F0027545F /* Screenshot 6.jpg in Resources */ = {isa = PBXBuildFile; fileRef = 88D513212B94C03F0027545F /* Screenshot 6.jpg */; };
		88D5138E2B94C03F0027545F /* Screenshot 7.jpg in Resources */ = {isa = PBXBuildFile; fileRef = 88D513222B94C03F0027545F /* Screenshot 7.jpg */; };
		88D5138F2B94C03F0027545F /* Screenshot 2.png in Resources */ = {isa = PBXBuildFile; fileRef = 88D513242B94C03F0027545F /* Screenshot 2.png */; };
		88D513902B94C03F0027545F /* Screenshot 0.png in Resources */ = {isa = PBXBuildFile; fileRef = 88D513252B94C03F0027545F /* Screenshot 0.png */; };
		88D513912B94C03F0027545F /* Screenshot 1.png in Resources */ = {isa = PBXBuildFile; fileRef = 88D513262B94C03F0027545F /* Screenshot 1.png */; };
		88D513922B94C03F0027545F /* Screenshot 0.png in Resources */ = {isa = PBXBuildFile; fileRef = 88D513282B94C03F0027545F /* Screenshot 0.png */; };
		88D513932B94C03F0027545F /* Screenshot 2.jpg in Resources */ = {isa = PBXBuildFile; fileRef = 88D5132A2B94C03F0027545F /* Screenshot 2.jpg */; };
		88D513942B94C03F0027545F /* Screenshot 0.jpg in Resources */ = {isa = PBXBuildFile; fileRef = 88D5132B2B94C03F0027545F /* Screenshot 0.jpg */; };
		88D513952B94C03F0027545F /* Screenshot 1.jpg in Resources */ = {isa = PBXBuildFile; fileRef = 88D5132C2B94C03F0027545F /* Screenshot 1.jpg */; };
		88D513962B94C03F0027545F /* Screenshot 2.jpg in Resources */ = {isa = PBXBuildFile; fileRef = 88D5132F2B94C03F0027545F /* Screenshot 2.jpg */; };
		88D513972B94C03F0027545F /* Screenshot 0.png in Resources */ = {isa = PBXBuildFile; fileRef = 88D513302B94C03F0027545F /* Screenshot 0.png */; };
		88D513982B94C03F0027545F /* Screenshot 1.jpg in Resources */ = {isa = PBXBuildFile; fileRef = 88D513312B94C03F0027545F /* Screenshot 1.jpg */; };
		88D513992B94C03F0027545F /* Screenshot 0.jpg in Resources */ = {isa = PBXBuildFile; fileRef = 88D513332B94C03F0027545F /* Screenshot 0.jpg */; };
		88D5139A2B94C03F0027545F /* Screenshot 3.jpg in Resources */ = {isa = PBXBuildFile; fileRef = 88D513352B94C03F0027545F /* Screenshot 3.jpg */; };
		88D5139B2B94C03F0027545F /* Screenshot 2.jpg in Resources */ = {isa = PBXBuildFile; fileRef = 88D513362B94C03F0027545F /* Screenshot 2.jpg */; };
		88D5139C2B94C03F0027545F /* Screenshot 0.jpg in Resources */ = {isa = PBXBuildFile; fileRef = 88D513372B94C03F0027545F /* Screenshot 0.jpg */; };
		88D5139D2B94C03F0027545F /* Screenshot 1.jpg in Resources */ = {isa = PBXBuildFile; fileRef = 88D513382B94C03F0027545F /* Screenshot 1.jpg */; };
/* End PBXBuildFile section */

/* Begin PBXFileReference section */
		882EB5BF2B8538450007EB80 /* SwiftfulThinkingContinuedLearning.app */ = {isa = PBXFileReference; explicitFileType = wrapper.application; includeInIndex = 0; path = SwiftfulThinkingContinuedLearning.app; sourceTree = BUILT_PRODUCTS_DIR; };
		882EB5C22B8538450007EB80 /* SwiftfulThinkingContinuedLearningApp.swift */ = {isa = PBXFileReference; lastKnownFileType = sourcecode.swift; path = SwiftfulThinkingContinuedLearningApp.swift; sourceTree = "<group>"; };
		882EB5C42B8538450007EB80 /* ContentView.swift */ = {isa = PBXFileReference; lastKnownFileType = sourcecode.swift; path = ContentView.swift; sourceTree = "<group>"; };
		882EB5C62B8538470007EB80 /* Assets.xcassets */ = {isa = PBXFileReference; lastKnownFileType = folder.assetcatalog; path = Assets.xcassets; sourceTree = "<group>"; };
		882EB5C92B8538470007EB80 /* Preview Assets.xcassets */ = {isa = PBXFileReference; lastKnownFileType = folder.assetcatalog; path = "Preview Assets.xcassets"; sourceTree = "<group>"; };
		882EB5D02B8539710007EB80 /* 2.LongPressGestureBootcamp.swift */ = {isa = PBXFileReference; lastKnownFileType = sourcecode.swift; path = 2.LongPressGestureBootcamp.swift; sourceTree = "<group>"; };
		882EB5D22B86364A0007EB80 /* 3.MagnificationBootcamp.swift */ = {isa = PBXFileReference; lastKnownFileType = sourcecode.swift; path = 3.MagnificationBootcamp.swift; sourceTree = "<group>"; };
		882EB5D42B86605B0007EB80 /* 4.RotationGestureBootcamp.swift */ = {isa = PBXFileReference; lastKnownFileType = sourcecode.swift; path = 4.RotationGestureBootcamp.swift; sourceTree = "<group>"; };
		882EB5D62B86A6D70007EB80 /* 5.GragGestoreBoocamp.swift */ = {isa = PBXFileReference; lastKnownFileType = sourcecode.swift; path = 5.GragGestoreBoocamp.swift; sourceTree = "<group>"; };
		882EB5D82B86B2C50007EB80 /* 5.DragGestureBootcamp2.swift */ = {isa = PBXFileReference; lastKnownFileType = sourcecode.swift; path = 5.DragGestureBootcamp2.swift; sourceTree = "<group>"; };
		882EB5DA2B8774120007EB80 /* 6.ScrollViewReaderBootcamp.swift */ = {isa = PBXFileReference; lastKnownFileType = sourcecode.swift; path = 6.ScrollViewReaderBootcamp.swift; sourceTree = "<group>"; };
		882EB5DC2B87812D0007EB80 /* 7.GeomtryReaderBootcamp.swift */ = {isa = PBXFileReference; lastKnownFileType = sourcecode.swift; path = 7.GeomtryReaderBootcamp.swift; sourceTree = "<group>"; };
		882EB5E12B878BEB0007EB80 /* 8.MultipleSheetsBootcamp.swift */ = {isa = PBXFileReference; lastKnownFileType = sourcecode.swift; path = 8.MultipleSheetsBootcamp.swift; sourceTree = "<group>"; };
		882EB5E32B87C44A0007EB80 /* 9.MaskBootcamp.swift */ = {isa = PBXFileReference; lastKnownFileType = sourcecode.swift; path = 9.MaskBootcamp.swift; sourceTree = "<group>"; };
		882EB5E52B87F0F50007EB80 /* 10.SoundsBootcamp.swift */ = {isa = PBXFileReference; lastKnownFileType = sourcecode.swift; path = 10.SoundsBootcamp.swift; sourceTree = "<group>"; };
		882EB5E82B87FEE80007EB80 /* badum.mp3 */ = {isa = PBXFileReference; lastKnownFileType = audio.mp3; path = badum.mp3; sourceTree = "<group>"; };
		882EB5EA2B87FEF70007EB80 /* tada.mp3 */ = {isa = PBXFileReference; lastKnownFileType = audio.mp3; path = tada.mp3; sourceTree = "<group>"; };
		882EB5EC2B88DBC90007EB80 /* 11.HapticsBootcamp.swift */ = {isa = PBXFileReference; lastKnownFileType = sourcecode.swift; path = 11.HapticsBootcamp.swift; sourceTree = "<group>"; };
		882EB5EE2B88E7EA0007EB80 /* 12.LocalNotificationBootcamp.swift */ = {isa = PBXFileReference; lastKnownFileType = sourcecode.swift; path = 12.LocalNotificationBootcamp.swift; sourceTree = "<group>"; };
		882EB5F02B8911FC0007EB80 /* 13.HasableBootcamp.swift */ = {isa = PBXFileReference; lastKnownFileType = sourcecode.swift; path = 13.HasableBootcamp.swift; sourceTree = "<group>"; };
		882EB5F22B8925CC0007EB80 /* 14.ArraysBootcamp.swift */ = {isa = PBXFileReference; lastKnownFileType = sourcecode.swift; path = 14.ArraysBootcamp.swift; sourceTree = "<group>"; };
		8856F0722B8A313200DD87F6 /* 18.BackgroundThreadBootcamp.swift */ = {isa = PBXFileReference; lastKnownFileType = sourcecode.swift; path = 18.BackgroundThreadBootcamp.swift; sourceTree = "<group>"; };
		8861D1392B8A7E7D00868CD1 /* 19.WeakSelfBootcamp.swift */ = {isa = PBXFileReference; lastKnownFileType = sourcecode.swift; path = 19.WeakSelfBootcamp.swift; sourceTree = "<group>"; };
		8861D13B2B8ABE6100868CD1 /* 20.TypealiasBootcamp.swift */ = {isa = PBXFileReference; lastKnownFileType = sourcecode.swift; path = 20.TypealiasBootcamp.swift; sourceTree = "<group>"; };
		8861D13D2B8B7B3D00868CD1 /* 21.EspacingBootcamp.swift */ = {isa = PBXFileReference; lastKnownFileType = sourcecode.swift; path = 21.EspacingBootcamp.swift; sourceTree = "<group>"; };
		8861D13F2B8B8DEB00868CD1 /* 22.CodableBootcamp.swift */ = {isa = PBXFileReference; lastKnownFileType = sourcecode.swift; path = 22.CodableBootcamp.swift; sourceTree = "<group>"; };
		88995B492B8CBBC70002A582 /* DownloadWithEscapingBootcamp.swift */ = {isa = PBXFileReference; lastKnownFileType = sourcecode.swift; path = DownloadWithEscapingBootcamp.swift; sourceTree = "<group>"; };
		889B5EC02B8CEEBF008F5C83 /* DownloadWithCombine.swift */ = {isa = PBXFileReference; lastKnownFileType = sourcecode.swift; path = DownloadWithCombine.swift; sourceTree = "<group>"; };
		889B5EC22B8E061F008F5C83 /* 25.TimerBootcamp.swift */ = {isa = PBXFileReference; lastKnownFileType = sourcecode.swift; path = 25.TimerBootcamp.swift; sourceTree = "<group>"; };
		889B5EC42B8E21BE008F5C83 /* 26.SubscriberBootcamp.swift */ = {isa = PBXFileReference; lastKnownFileType = sourcecode.swift; path = 26.SubscriberBootcamp.swift; sourceTree = "<group>"; };
		889B5EC62B8F611F008F5C83 /* 28.FileManagerBootcamp.swift */ = {isa = PBXFileReference; lastKnownFileType = sourcecode.swift; path = 28.FileManagerBootcamp.swift; sourceTree = "<group>"; };
		88D5129D2B92178E0027545F /* DownloadingImagesBootcamp.swift */ = {isa = PBXFileReference; lastKnownFileType = sourcecode.swift; name = DownloadingImagesBootcamp.swift; path = "../../../../../../../../../../../.Trash/5-SwiftUI Continued Learning (Intermediate Level)/SwiftfulThinkingContinuedLearning/SwiftfulThinkingContinuedLearning/SwiftfulThinkingContinuedLearning/DownloadingImages/Views/DownloadingImagesBootcamp.swift"; sourceTree = "<group>"; };
		88D5129F2B921B440027545F /* PhotoModel.swift */ = {isa = PBXFileReference; lastKnownFileType = sourcecode.swift; path = PhotoModel.swift; sourceTree = "<group>"; };
		88D512A12B921DDC0027545F /* DownloadingImagesViewModel.swift */ = {isa = PBXFileReference; lastKnownFileType = sourcecode.swift; path = DownloadingImagesViewModel.swift; sourceTree = "<group>"; };
		88D512A32B9250EA0027545F /* PhotoModelDataService.swift */ = {isa = PBXFileReference; lastKnownFileType = sourcecode.swift; path = PhotoModelDataService.swift; sourceTree = "<group>"; };
		88D512A52B9270280027545F /* DownloadingImagesRow.swift */ = {isa = PBXFileReference; lastKnownFileType = sourcecode.swift; path = DownloadingImagesRow.swift; sourceTree = "<group>"; };
		88D512A72B9272B70027545F /* DownloadingImageView.swift */ = {isa = PBXFileReference; lastKnownFileType = sourcecode.swift; path = DownloadingImageView.swift; sourceTree = "<group>"; };
		88D512A92B9273CA0027545F /* ImageLoadingViewModel.swift */ = {isa = PBXFileReference; lastKnownFileType = sourcecode.swift; path = ImageLoadingViewModel.swift; sourceTree = "<group>"; };
		88D512AB2B928D740027545F /* PhotoModelCacheManager.swift */ = {isa = PBXFileReference; lastKnownFileType = sourcecode.swift; path = PhotoModelCacheManager.swift; sourceTree = "<group>"; };
		88D512AD2B9295850027545F /* PhotoModelFileManager.swift */ = {isa = PBXFileReference; lastKnownFileType = sourcecode.swift; path = PhotoModelFileManager.swift; sourceTree = "<group>"; };
		88D512AF2B9340B10027545F /* 30.AccessibilityTextBoocamp.swift */ = {isa = PBXFileReference; lastKnownFileType = sourcecode.swift; path = 30.AccessibilityTextBoocamp.swift; sourceTree = "<group>"; };
		88D512B12B9367FD0027545F /* 31.AccesibilityColorsBootcamp.swift */ = {isa = PBXFileReference; lastKnownFileType = sourcecode.swift; path = 31.AccesibilityColorsBootcamp.swift; sourceTree = "<group>"; };
		88D512B32B93781E0027545F /* 32.AccesibilityVoiceBootcamp.swift */ = {isa = PBXFileReference; lastKnownFileType = sourcecode.swift; path = 32.AccesibilityVoiceBootcamp.swift; sourceTree = "<group>"; };
		88D512B52B94A3670027545F /* 33.AligmentGuideBootcamp.swift */ = {isa = PBXFileReference; lastKnownFileType = sourcecode.swift; path = 33.AligmentGuideBootcamp.swift; sourceTree = "<group>"; };
		88D512B92B94C03F0027545F /* Screenshot 0.jpg */ = {isa = PBXFileReference; lastKnownFileType = image.jpeg; path = "Screenshot 0.jpg"; sourceTree = "<group>"; };
		88D512BB2B94C03F0027545F /* Screenshot 3.jpg */ = {isa = PBXFileReference; lastKnownFileType = image.jpeg; path = "Screenshot 3.jpg"; sourceTree = "<group>"; };
		88D512BC2B94C03F0027545F /* Screenshot 2.jpg */ = {isa = PBXFileReference; lastKnownFileType = image.jpeg; path = "Screenshot 2.jpg"; sourceTree = "<group>"; };
		88D512BD2B94C03F0027545F /* Screenshot 0.jpg */ = {isa = PBXFileReference; lastKnownFileType = image.jpeg; path = "Screenshot 0.jpg"; sourceTree = "<group>"; };
		88D512BE2B94C03F0027545F /* Screenshot 1.jpg */ = {isa = PBXFileReference; lastKnownFileType = image.jpeg; path = "Screenshot 1.jpg"; sourceTree = "<group>"; };
		88D512BF2B94C03F0027545F /* Screenshot 5.jpg */ = {isa = PBXFileReference; lastKnownFileType = image.jpeg; path = "Screenshot 5.jpg"; sourceTree = "<group>"; };
		88D512C02B94C03F0027545F /* Screenshot 4.jpg */ = {isa = PBXFileReference; lastKnownFileType = image.jpeg; path = "Screenshot 4.jpg"; sourceTree = "<group>"; };
		88D512C12B94C03F0027545F /* Screenshot 6.jpg */ = {isa = PBXFileReference; lastKnownFileType = image.jpeg; path = "Screenshot 6.jpg"; sourceTree = "<group>"; };
		88D512C32B94C03F0027545F /* Screenshot 3.jpg */ = {isa = PBXFileReference; lastKnownFileType = image.jpeg; path = "Screenshot 3.jpg"; sourceTree = "<group>"; };
		88D512C42B94C03F0027545F /* Screenshot 2.jpg */ = {isa = PBXFileReference; lastKnownFileType = image.jpeg; path = "Screenshot 2.jpg"; sourceTree = "<group>"; };
		88D512C52B94C03F0027545F /* Screenshot 0.png */ = {isa = PBXFileReference; lastKnownFileType = image.png; path = "Screenshot 0.png"; sourceTree = "<group>"; };
		88D512C62B94C03F0027545F /* Screenshot 1.jpg */ = {isa = PBXFileReference; lastKnownFileType = image.jpeg; path = "Screenshot 1.jpg"; sourceTree = "<group>"; };
		88D512C72B94C03F0027545F /* Screenshot 5.jpg */ = {isa = PBXFileReference; lastKnownFileType = image.jpeg; path = "Screenshot 5.jpg"; sourceTree = "<group>"; };
		88D512C82B94C03F0027545F /* Screenshot 4.jpg */ = {isa = PBXFileReference; lastKnownFileType = image.jpeg; path = "Screenshot 4.jpg"; sourceTree = "<group>"; };
		88D512CA2B94C03F0027545F /* Screenshot 3.png */ = {isa = PBXFileReference; lastKnownFileType = image.png; path = "Screenshot 3.png"; sourceTree = "<group>"; };
		88D512CB2B94C03F0027545F /* Screenshot 2.png */ = {isa = PBXFileReference; lastKnownFileType = image.png; path = "Screenshot 2.png"; sourceTree = "<group>"; };
		88D512CC2B94C03F0027545F /* Screenshot 0.jpg */ = {isa = PBXFileReference; lastKnownFileType = image.jpeg; path = "Screenshot 0.jpg"; sourceTree = "<group>"; };
		88D512CD2B94C03F0027545F /* Screenshot 1.png */ = {isa = PBXFileReference; lastKnownFileType = image.png; path = "Screenshot 1.png"; sourceTree = "<group>"; };
		88D512CE2B94C03F0027545F /* Screenshot 5.png */ = {isa = PBXFileReference; lastKnownFileType = image.png; path = "Screenshot 5.png"; sourceTree = "<group>"; };
		88D512CF2B94C03F0027545F /* Screenshot 4.png */ = {isa = PBXFileReference; lastKnownFileType = image.png; path = "Screenshot 4.png"; sourceTree = "<group>"; };
		88D512D02B94C03F0027545F /* Screenshot 6.png */ = {isa = PBXFileReference; lastKnownFileType = image.png; path = "Screenshot 6.png"; sourceTree = "<group>"; };
		88D512D12B94C03F0027545F /* Screenshot 7.png */ = {isa = PBXFileReference; lastKnownFileType = image.png; path = "Screenshot 7.png"; sourceTree = "<group>"; };
		88D512D42B94C03F0027545F /* Screenshot 3.jpg */ = {isa = PBXFileReference; lastKnownFileType = image.jpeg; path = "Screenshot 3.jpg"; sourceTree = "<group>"; };
		88D512D52B94C03F0027545F /* Screenshot 2.jpg */ = {isa = PBXFileReference; lastKnownFileType = image.jpeg; path = "Screenshot 2.jpg"; sourceTree = "<group>"; };
		88D512D62B94C03F0027545F /* Screenshot 0.jpg */ = {isa = PBXFileReference; lastKnownFileType = image.jpeg; path = "Screenshot 0.jpg"; sourceTree = "<group>"; };
		88D512D72B94C03F0027545F /* Screenshot 1.jpg */ = {isa = PBXFileReference; lastKnownFileType = image.jpeg; path = "Screenshot 1.jpg"; sourceTree = "<group>"; };
		88D512D92B94C03F0027545F /* Screenshot 3.jpg */ = {isa = PBXFileReference; lastKnownFileType = image.jpeg; path = "Screenshot 3.jpg"; sourceTree = "<group>"; };
		88D512DA2B94C03F0027545F /* Screenshot 2.jpg */ = {isa = PBXFileReference; lastKnownFileType = image.jpeg; path = "Screenshot 2.jpg"; sourceTree = "<group>"; };
		88D512DB2B94C03F0027545F /* Screenshot 0.jpg */ = {isa = PBXFileReference; lastKnownFileType = image.jpeg; path = "Screenshot 0.jpg"; sourceTree = "<group>"; };
		88D512DC2B94C03F0027545F /* Screenshot 1.jpg */ = {isa = PBXFileReference; lastKnownFileType = image.jpeg; path = "Screenshot 1.jpg"; sourceTree = "<group>"; };
		88D512DD2B94C03F0027545F /* Screenshot 5.jpg */ = {isa = PBXFileReference; lastKnownFileType = image.jpeg; path = "Screenshot 5.jpg"; sourceTree = "<group>"; };
		88D512DE2B94C03F0027545F /* Screenshot 4.jpg */ = {isa = PBXFileReference; lastKnownFileType = image.jpeg; path = "Screenshot 4.jpg"; sourceTree = "<group>"; };
		88D512DF2B94C03F0027545F /* Screenshot 6.jpg */ = {isa = PBXFileReference; lastKnownFileType = image.jpeg; path = "Screenshot 6.jpg"; sourceTree = "<group>"; };
		88D512E12B94C03F0027545F /* Screenshot 9.jpg */ = {isa = PBXFileReference; lastKnownFileType = image.jpeg; path = "Screenshot 9.jpg"; sourceTree = "<group>"; };
		88D512E22B94C03F0027545F /* Screenshot 8.jpg */ = {isa = PBXFileReference; lastKnownFileType = image.jpeg; path = "Screenshot 8.jpg"; sourceTree = "<group>"; };
		88D512E32B94C03F0027545F /* Screenshot 10.jpg */ = {isa = PBXFileReference; lastKnownFileType = image.jpeg; path = "Screenshot 10.jpg"; sourceTree = "<group>"; };
		88D512E42B94C03F0027545F /* Screenshot 3.jpg */ = {isa = PBXFileReference; lastKnownFileType = image.jpeg; path = "Screenshot 3.jpg"; sourceTree = "<group>"; };
		88D512E52B94C03F0027545F /* Screenshot 2.jpg */ = {isa = PBXFileReference; lastKnownFileType = image.jpeg; path = "Screenshot 2.jpg"; sourceTree = "<group>"; };
		88D512E62B94C03F0027545F /* Screenshot 0.jpg */ = {isa = PBXFileReference; lastKnownFileType = image.jpeg; path = "Screenshot 0.jpg"; sourceTree = "<group>"; };
		88D512E72B94C03F0027545F /* Screenshot 1.jpg */ = {isa = PBXFileReference; lastKnownFileType = image.jpeg; path = "Screenshot 1.jpg"; sourceTree = "<group>"; };
		88D512E82B94C03F0027545F /* Screenshot 5.jpg */ = {isa = PBXFileReference; lastKnownFileType = image.jpeg; path = "Screenshot 5.jpg"; sourceTree = "<group>"; };
		88D512E92B94C03F0027545F /* Screenshot 4.jpg */ = {isa = PBXFileReference; lastKnownFileType = image.jpeg; path = "Screenshot 4.jpg"; sourceTree = "<group>"; };
		88D512EA2B94C03F0027545F /* Screenshot 6.jpg */ = {isa = PBXFileReference; lastKnownFileType = image.jpeg; path = "Screenshot 6.jpg"; sourceTree = "<group>"; };
		88D512EB2B94C03F0027545F /* Screenshot 7.jpg */ = {isa = PBXFileReference; lastKnownFileType = image.jpeg; path = "Screenshot 7.jpg"; sourceTree = "<group>"; };
		88D512ED2B94C03F0027545F /* Screenshot 3.jpg */ = {isa = PBXFileReference; lastKnownFileType = image.jpeg; path = "Screenshot 3.jpg"; sourceTree = "<group>"; };
		88D512EE2B94C03F0027545F /* Screenshot 2.jpg */ = {isa = PBXFileReference; lastKnownFileType = image.jpeg; path = "Screenshot 2.jpg"; sourceTree = "<group>"; };
		88D512EF2B94C03F0027545F /* Screenshot 0.jpg */ = {isa = PBXFileReference; lastKnownFileType = image.jpeg; path = "Screenshot 0.jpg"; sourceTree = "<group>"; };
		88D512F02B94C03F0027545F /* Screenshot 1.jpg */ = {isa = PBXFileReference; lastKnownFileType = image.jpeg; path = "Screenshot 1.jpg"; sourceTree = "<group>"; };
		88D512F12B94C03F0027545F /* Screenshot 4.jpg */ = {isa = PBXFileReference; lastKnownFileType = image.jpeg; path = "Screenshot 4.jpg"; sourceTree = "<group>"; };
		88D512F32B94C03F0027545F /* Screenshot 2.jpg */ = {isa = PBXFileReference; lastKnownFileType = image.jpeg; path = "Screenshot 2.jpg"; sourceTree = "<group>"; };
		88D512F42B94C03F0027545F /* Screenshot 0.jpg */ = {isa = PBXFileReference; lastKnownFileType = image.jpeg; path = "Screenshot 0.jpg"; sourceTree = "<group>"; };
		88D512F52B94C03F0027545F /* Screenshot 1.jpg */ = {isa = PBXFileReference; lastKnownFileType = image.jpeg; path = "Screenshot 1.jpg"; sourceTree = "<group>"; };
		88D512F72B94C03F0027545F /* Screenshot 0.jpg */ = {isa = PBXFileReference; lastKnownFileType = image.jpeg; path = "Screenshot 0.jpg"; sourceTree = "<group>"; };
		88D512F92B94C03F0027545F /* Screenshot 0.png */ = {isa = PBXFileReference; lastKnownFileType = image.png; path = "Screenshot 0.png"; sourceTree = "<group>"; };
		88D512FA2B94C03F0027545F /* Screenshot 1.png */ = {isa = PBXFileReference; lastKnownFileType = image.png; path = "Screenshot 1.png"; sourceTree = "<group>"; };
		88D512FC2B94C03F0027545F /* Screenshot 2.jpg */ = {isa = PBXFileReference; lastKnownFileType = image.jpeg; path = "Screenshot 2.jpg"; sourceTree = "<group>"; };
		88D512FD2B94C03F0027545F /* Screenshot 0.jpg */ = {isa = PBXFileReference; lastKnownFileType = image.jpeg; path = "Screenshot 0.jpg"; sourceTree = "<group>"; };
		88D512FE2B94C03F0027545F /* Screenshot 1.jpg */ = {isa = PBXFileReference; lastKnownFileType = image.jpeg; path = "Screenshot 1.jpg"; sourceTree = "<group>"; };
		88D513002B94C03F0027545F /* Screenshot 0.jpg */ = {isa = PBXFileReference; lastKnownFileType = image.jpeg; path = "Screenshot 0.jpg"; sourceTree = "<group>"; };
		88D513012B94C03F0027545F /* Screenshot 1.jpg */ = {isa = PBXFileReference; lastKnownFileType = image.jpeg; path = "Screenshot 1.jpg"; sourceTree = "<group>"; };
		88D513022B94C03F0027545F /* Simulator Screenshot - iPhone 15 Pro - 2024-03-01 at 19.57.50.png */ = {isa = PBXFileReference; lastKnownFileType = image.png; path = "Simulator Screenshot - iPhone 15 Pro - 2024-03-01 at 19.57.50.png"; sourceTree = "<group>"; };
		88D513042B94C03F0027545F /* Screenshot 0.jpg */ = {isa = PBXFileReference; lastKnownFileType = image.jpeg; path = "Screenshot 0.jpg"; sourceTree = "<group>"; };
		88D513062B94C03F0027545F /* Screenshot 2.jpg */ = {isa = PBXFileReference; lastKnownFileType = image.jpeg; path = "Screenshot 2.jpg"; sourceTree = "<group>"; };
		88D513072B94C03F0027545F /* Screenshot 0.jpg */ = {isa = PBXFileReference; lastKnownFileType = image.jpeg; path = "Screenshot 0.jpg"; sourceTree = "<group>"; };
		88D513082B94C03F0027545F /* Screenshot 1.jpg */ = {isa = PBXFileReference; lastKnownFileType = image.jpeg; path = "Screenshot 1.jpg"; sourceTree = "<group>"; };
		88D5130A2B94C03F0027545F /* Screenshot 0.jpg */ = {isa = PBXFileReference; lastKnownFileType = image.jpeg; path = "Screenshot 0.jpg"; sourceTree = "<group>"; };
		88D5130B2B94C03F0027545F /* Screenshot 1.jpg */ = {isa = PBXFileReference; lastKnownFileType = image.jpeg; path = "Screenshot 1.jpg"; sourceTree = "<group>"; };
		88D5130D2B94C03F0027545F /* Screenshot 0.png */ = {isa = PBXFileReference; lastKnownFileType = image.png; path = "Screenshot 0.png"; sourceTree = "<group>"; };
		88D5130F2B94C03F0027545F /* Screenshot 3.jpg */ = {isa = PBXFileReference; lastKnownFileType = image.jpeg; path = "Screenshot 3.jpg"; sourceTree = "<group>"; };
		88D513102B94C03F0027545F /* Screenshot 2.jpg */ = {isa = PBXFileReference; lastKnownFileType = image.jpeg; path = "Screenshot 2.jpg"; sourceTree = "<group>"; };
		88D513112B94C03F0027545F /* Screenshot 1.png */ = {isa = PBXFileReference; lastKnownFileType = image.png; path = "Screenshot 1.png"; sourceTree = "<group>"; };
		88D513122B94C03F0027545F /* Screenshot 4.jpg */ = {isa = PBXFileReference; lastKnownFileType = image.jpeg; path = "Screenshot 4.jpg"; sourceTree = "<group>"; };
		88D513132B94C03F0027545F /* Screenshot 1-1.png */ = {isa = PBXFileReference; lastKnownFileType = image.png; path = "Screenshot 1-1.png"; sourceTree = "<group>"; };
		88D513152B94C03F0027545F /* Screenshot 0.jpg */ = {isa = PBXFileReference; lastKnownFileType = image.jpeg; path = "Screenshot 0.jpg"; sourceTree = "<group>"; };
		88D513172B94C03F0027545F /* Screenshot 0.jpg */ = {isa = PBXFileReference; lastKnownFileType = image.jpeg; path = "Screenshot 0.jpg"; sourceTree = "<group>"; };
		88D513182B94C03F0027545F /* Screenshot 1.jpg */ = {isa = PBXFileReference; lastKnownFileType = image.jpeg; path = "Screenshot 1.jpg"; sourceTree = "<group>"; };
		88D5131A2B94C03F0027545F /* Screenshot 8.jpg */ = {isa = PBXFileReference; lastKnownFileType = image.jpeg; path = "Screenshot 8.jpg"; sourceTree = "<group>"; };
		88D5131B2B94C03F0027545F /* Screenshot 3.jpg */ = {isa = PBXFileReference; lastKnownFileType = image.jpeg; path = "Screenshot 3.jpg"; sourceTree = "<group>"; };
		88D5131C2B94C03F0027545F /* Screenshot 2.jpg */ = {isa = PBXFileReference; lastKnownFileType = image.jpeg; path = "Screenshot 2.jpg"; sourceTree = "<group>"; };
		88D5131D2B94C03F0027545F /* Screenshot 0.jpg */ = {isa = PBXFileReference; lastKnownFileType = image.jpeg; path = "Screenshot 0.jpg"; sourceTree = "<group>"; };
		88D5131E2B94C03F0027545F /* Screenshot 1.jpg */ = {isa = PBXFileReference; lastKnownFileType = image.jpeg; path = "Screenshot 1.jpg"; sourceTree = "<group>"; };
		88D5131F2B94C03F0027545F /* Screenshot 5.jpg */ = {isa = PBXFileReference; lastKnownFileType = image.jpeg; path = "Screenshot 5.jpg"; sourceTree = "<group>"; };
		88D513202B94C03F0027545F /* Screenshot 4.jpg */ = {isa = PBXFileReference; lastKnownFileType = image.jpeg; path = "Screenshot 4.jpg"; sourceTree = "<group>"; };
		88D513212B94C03F0027545F /* Screenshot 6.jpg */ = {isa = PBXFileReference; lastKnownFileType = image.jpeg; path = "Screenshot 6.jpg"; sourceTree = "<group>"; };
		88D513222B94C03F0027545F /* Screenshot 7.jpg */ = {isa = PBXFileReference; lastKnownFileType = image.jpeg; path = "Screenshot 7.jpg"; sourceTree = "<group>"; };
		88D513242B94C03F0027545F /* Screenshot 2.png */ = {isa = PBXFileReference; lastKnownFileType = image.png; path = "Screenshot 2.png"; sourceTree = "<group>"; };
		88D513252B94C03F0027545F /* Screenshot 0.png */ = {isa = PBXFileReference; lastKnownFileType = image.png; path = "Screenshot 0.png"; sourceTree = "<group>"; };
		88D513262B94C03F0027545F /* Screenshot 1.png */ = {isa = PBXFileReference; lastKnownFileType = image.png; path = "Screenshot 1.png"; sourceTree = "<group>"; };
		88D513282B94C03F0027545F /* Screenshot 0.png */ = {isa = PBXFileReference; lastKnownFileType = image.png; path = "Screenshot 0.png"; sourceTree = "<group>"; };
		88D5132A2B94C03F0027545F /* Screenshot 2.jpg */ = {isa = PBXFileReference; lastKnownFileType = image.jpeg; path = "Screenshot 2.jpg"; sourceTree = "<group>"; };
		88D5132B2B94C03F0027545F /* Screenshot 0.jpg */ = {isa = PBXFileReference; lastKnownFileType = image.jpeg; path = "Screenshot 0.jpg"; sourceTree = "<group>"; };
		88D5132C2B94C03F0027545F /* Screenshot 1.jpg */ = {isa = PBXFileReference; lastKnownFileType = image.jpeg; path = "Screenshot 1.jpg"; sourceTree = "<group>"; };
		88D5132F2B94C03F0027545F /* Screenshot 2.jpg */ = {isa = PBXFileReference; lastKnownFileType = image.jpeg; path = "Screenshot 2.jpg"; sourceTree = "<group>"; };
		88D513302B94C03F0027545F /* Screenshot 0.png */ = {isa = PBXFileReference; lastKnownFileType = image.png; path = "Screenshot 0.png"; sourceTree = "<group>"; };
		88D513312B94C03F0027545F /* Screenshot 1.jpg */ = {isa = PBXFileReference; lastKnownFileType = image.jpeg; path = "Screenshot 1.jpg"; sourceTree = "<group>"; };
		88D513332B94C03F0027545F /* Screenshot 0.jpg */ = {isa = PBXFileReference; lastKnownFileType = image.jpeg; path = "Screenshot 0.jpg"; sourceTree = "<group>"; };
		88D513352B94C03F0027545F /* Screenshot 3.jpg */ = {isa = PBXFileReference; lastKnownFileType = image.jpeg; path = "Screenshot 3.jpg"; sourceTree = "<group>"; };
		88D513362B94C03F0027545F /* Screenshot 2.jpg */ = {isa = PBXFileReference; lastKnownFileType = image.jpeg; path = "Screenshot 2.jpg"; sourceTree = "<group>"; };
		88D513372B94C03F0027545F /* Screenshot 0.jpg */ = {isa = PBXFileReference; lastKnownFileType = image.jpeg; path = "Screenshot 0.jpg"; sourceTree = "<group>"; };
		88D513382B94C03F0027545F /* Screenshot 1.jpg */ = {isa = PBXFileReference; lastKnownFileType = image.jpeg; path = "Screenshot 1.jpg"; sourceTree = "<group>"; };
/* End PBXFileReference section */

/* Begin PBXFrameworksBuildPhase section */
		882EB5BC2B8538450007EB80 /* Frameworks */ = {
			isa = PBXFrameworksBuildPhase;
			buildActionMask = 2147483647;
			files = (
			);
			runOnlyForDeploymentPostprocessing = 0;
		};
/* End PBXFrameworksBuildPhase section */

/* Begin PBXGroup section */
		882EB5B62B8538450007EB80 = {
			isa = PBXGroup;
			children = (
				882EB5C12B8538450007EB80 /* SwiftfulThinkingContinuedLearning */,
				882EB5C02B8538450007EB80 /* Products */,
			);
			sourceTree = "<group>";
		};
		882EB5C02B8538450007EB80 /* Products */ = {
			isa = PBXGroup;
			children = (
				882EB5BF2B8538450007EB80 /* SwiftfulThinkingContinuedLearning.app */,
			);
			name = Products;
			sourceTree = "<group>";
		};
		882EB5C12B8538450007EB80 /* SwiftfulThinkingContinuedLearning */ = {
			isa = PBXGroup;
			children = (
				882EB5C22B8538450007EB80 /* SwiftfulThinkingContinuedLearningApp.swift */,
				882EB5C42B8538450007EB80 /* ContentView.swift */,
				882EB5D02B8539710007EB80 /* 2.LongPressGestureBootcamp.swift */,
				882EB5D22B86364A0007EB80 /* 3.MagnificationBootcamp.swift */,
				882EB5D42B86605B0007EB80 /* 4.RotationGestureBootcamp.swift */,
				882EB5D62B86A6D70007EB80 /* 5.GragGestoreBoocamp.swift */,
				882EB5D82B86B2C50007EB80 /* 5.DragGestureBootcamp2.swift */,
				882EB5DA2B8774120007EB80 /* 6.ScrollViewReaderBootcamp.swift */,
				882EB5DC2B87812D0007EB80 /* 7.GeomtryReaderBootcamp.swift */,
				882EB5E12B878BEB0007EB80 /* 8.MultipleSheetsBootcamp.swift */,
				882EB5E32B87C44A0007EB80 /* 9.MaskBootcamp.swift */,
				882EB5E52B87F0F50007EB80 /* 10.SoundsBootcamp.swift */,
				882EB5EC2B88DBC90007EB80 /* 11.HapticsBootcamp.swift */,
				882EB5EE2B88E7EA0007EB80 /* 12.LocalNotificationBootcamp.swift */,
				882EB5F02B8911FC0007EB80 /* 13.HasableBootcamp.swift */,
				882EB5F22B8925CC0007EB80 /* 14.ArraysBootcamp.swift */,
				8856F0722B8A313200DD87F6 /* 18.BackgroundThreadBootcamp.swift */,
				8861D1392B8A7E7D00868CD1 /* 19.WeakSelfBootcamp.swift */,
				8861D13B2B8ABE6100868CD1 /* 20.TypealiasBootcamp.swift */,
				8861D13D2B8B7B3D00868CD1 /* 21.EspacingBootcamp.swift */,
				8861D13F2B8B8DEB00868CD1 /* 22.CodableBootcamp.swift */,
				88995B492B8CBBC70002A582 /* DownloadWithEscapingBootcamp.swift */,
				889B5EC02B8CEEBF008F5C83 /* DownloadWithCombine.swift */,
				889B5EC22B8E061F008F5C83 /* 25.TimerBootcamp.swift */,
				889B5EC42B8E21BE008F5C83 /* 26.SubscriberBootcamp.swift */,
				889B5EC62B8F611F008F5C83 /* 28.FileManagerBootcamp.swift */,
				88D512AF2B9340B10027545F /* 30.AccessibilityTextBoocamp.swift */,
				88D512B12B9367FD0027545F /* 31.AccesibilityColorsBootcamp.swift */,
				88D512B32B93781E0027545F /* 32.AccesibilityVoiceBootcamp.swift */,
				88D512B52B94A3670027545F /* 33.AligmentGuideBootcamp.swift */,
				88D512B72B94C03F0027545F /* Final screenshots */,
				88D512972B9216AD0027545F /* DownloadingImages */,
				882EB5E72B87FEA10007EB80 /* Sounds */,
				882EB5C62B8538470007EB80 /* Assets.xcassets */,
				882EB5C82B8538470007EB80 /* Preview Content */,
			);
			path = SwiftfulThinkingContinuedLearning;
			sourceTree = "<group>";
		};
		882EB5C82B8538470007EB80 /* Preview Content */ = {
			isa = PBXGroup;
			children = (
				882EB5C92B8538470007EB80 /* Preview Assets.xcassets */,
			);
			path = "Preview Content";
			sourceTree = "<group>";
		};
		882EB5E72B87FEA10007EB80 /* Sounds */ = {
			isa = PBXGroup;
			children = (
				882EB5EA2B87FEF70007EB80 /* tada.mp3 */,
				882EB5E82B87FEE80007EB80 /* badum.mp3 */,
			);
			path = Sounds;
			sourceTree = "<group>";
		};
		88D512972B9216AD0027545F /* DownloadingImages */ = {
			isa = PBXGroup;
			children = (
				88D5129B2B9217300027545F /* Utilities */,
				88D5129A2B9217130027545F /* ViewModels */,
				88D512992B9217000027545F /* Views */,
				88D512982B9216EF0027545F /* Models */,
			);
			path = DownloadingImages;
			sourceTree = "<group>";
		};
		88D512982B9216EF0027545F /* Models */ = {
			isa = PBXGroup;
			children = (
				88D5129F2B921B440027545F /* PhotoModel.swift */,
			);
			path = Models;
			sourceTree = "<group>";
		};
		88D512992B9217000027545F /* Views */ = {
			isa = PBXGroup;
			children = (
				88D5129D2B92178E0027545F /* DownloadingImagesBootcamp.swift */,
				88D512A52B9270280027545F /* DownloadingImagesRow.swift */,
				88D512A72B9272B70027545F /* DownloadingImageView.swift */,
			);
			path = Views;
			sourceTree = "<group>";
		};
		88D5129A2B9217130027545F /* ViewModels */ = {
			isa = PBXGroup;
			children = (
				88D512A12B921DDC0027545F /* DownloadingImagesViewModel.swift */,
				88D512A92B9273CA0027545F /* ImageLoadingViewModel.swift */,
			);
			path = ViewModels;
			sourceTree = "<group>";
		};
		88D5129B2B9217300027545F /* Utilities */ = {
			isa = PBXGroup;
			children = (
				88D512A32B9250EA0027545F /* PhotoModelDataService.swift */,
				88D512AB2B928D740027545F /* PhotoModelCacheManager.swift */,
				88D512AD2B9295850027545F /* PhotoModelFileManager.swift */,
			);
			path = Utilities;
			sourceTree = "<group>";
		};
		88D512B72B94C03F0027545F /* Final screenshots */ = {
			isa = PBXGroup;
			children = (
				88D512B82B94C03F0027545F /* Video 10 Sounds */,
				88D512BA2B94C03F0027545F /* Video 30 AccessibilityText */,
				88D512C22B94C03F0027545F /* Video 5  DragGesture */,
				88D512C92B94C03F0027545F /* Video 31 AccesibilityColors */,
				88D512D22B94C03F0027545F /* Video 22 Codable */,
				88D512D32B94C03F0027545F /* Video 33 AligmentGuide */,
				88D512D82B94C03F0027545F /* Video 26 Subscriber */,
				88D512E02B94C03F0027545F /* Video 14 Arrays */,
				88D512EC2B94C03F0027545F /* Video 19 WeakSelf */,
				88D512F22B94C03F0027545F /* Video 8 MultipleSheets */,
				88D512F62B94C03F0027545F /* Video 28 FileManager  */,
				88D512F82B94C03F0027545F /* Video 23 DownloadWithEscapin */,
				88D512FB2B94C03F0027545F /* Video 21 Espacing */,
				88D512FF2B94C03F0027545F /* Video 18 BackgroundThread */,
				88D513022B94C03F0027545F /* Simulator Screenshot - iPhone 15 Pro - 2024-03-01 at 19.57.50.png */,
				88D513032B94C03F0027545F /* Video 20 Typealias */,
				88D513052B94C03F0027545F /* Video 29 minispp */,
				88D513092B94C03F0027545F /* Video 9 Mask */,
				88D5130C2B94C03F0027545F /* Video 4 RotationGesture */,
				88D5130E2B94C03F0027545F /* Video 7 GeomtryReader */,
				88D513142B94C03F0027545F /* Video 2 LongPressGesture */,
				88D513162B94C03F0027545F /* Video 32 AccesibilityVoice */,
				88D513192B94C03F0027545F /* Video 25 Timer */,
				88D513232B94C03F0027545F /* Video 12 LocalNotification */,
				88D513272B94C03F0027545F /* Video 24 DownloadWithCombine */,
				88D513292B94C03F0027545F /* Video 6 ScrollViewReader */,
				88D5132D2B94C03F0027545F /* Video 35 */,
				88D5132E2B94C03F0027545F /* Video 3 Magnification */,
				88D513322B94C03F0027545F /* Video 11 Haptics */,
				88D513342B94C03F0027545F /* Video 13 Hasable */,
				88D513392B94C03F0027545F /* Video 34 */,
			);
			path = "Final screenshots";
			sourceTree = "<group>";
		};
		88D512B82B94C03F0027545F /* Video 10 Sounds */ = {
			isa = PBXGroup;
			children = (
				88D512B92B94C03F0027545F /* Screenshot 0.jpg */,
			);
			path = "Video 10 Sounds";
			sourceTree = "<group>";
		};
		88D512BA2B94C03F0027545F /* Video 30 AccessibilityText */ = {
			isa = PBXGroup;
			children = (
				88D512BB2B94C03F0027545F /* Screenshot 3.jpg */,
				88D512BC2B94C03F0027545F /* Screenshot 2.jpg */,
				88D512BD2B94C03F0027545F /* Screenshot 0.jpg */,
				88D512BE2B94C03F0027545F /* Screenshot 1.jpg */,
				88D512BF2B94C03F0027545F /* Screenshot 5.jpg */,
				88D512C02B94C03F0027545F /* Screenshot 4.jpg */,
				88D512C12B94C03F0027545F /* Screenshot 6.jpg */,
			);
			path = "Video 30 AccessibilityText";
			sourceTree = "<group>";
		};
		88D512C22B94C03F0027545F /* Video 5  DragGesture */ = {
			isa = PBXGroup;
			children = (
				88D512C32B94C03F0027545F /* Screenshot 3.jpg */,
				88D512C42B94C03F0027545F /* Screenshot 2.jpg */,
				88D512C52B94C03F0027545F /* Screenshot 0.png */,
				88D512C62B94C03F0027545F /* Screenshot 1.jpg */,
				88D512C72B94C03F0027545F /* Screenshot 5.jpg */,
				88D512C82B94C03F0027545F /* Screenshot 4.jpg */,
			);
			path = "Video 5  DragGesture";
			sourceTree = "<group>";
		};
		88D512C92B94C03F0027545F /* Video 31 AccesibilityColors */ = {
			isa = PBXGroup;
			children = (
				88D512CA2B94C03F0027545F /* Screenshot 3.png */,
				88D512CB2B94C03F0027545F /* Screenshot 2.png */,
				88D512CC2B94C03F0027545F /* Screenshot 0.jpg */,
				88D512CD2B94C03F0027545F /* Screenshot 1.png */,
				88D512CE2B94C03F0027545F /* Screenshot 5.png */,
				88D512CF2B94C03F0027545F /* Screenshot 4.png */,
				88D512D02B94C03F0027545F /* Screenshot 6.png */,
				88D512D12B94C03F0027545F /* Screenshot 7.png */,
			);
			path = "Video 31 AccesibilityColors";
			sourceTree = "<group>";
		};
		88D512D22B94C03F0027545F /* Video 22 Codable */ = {
			isa = PBXGroup;
			children = (
			);
			path = "Video 22 Codable";
			sourceTree = "<group>";
		};
		88D512D32B94C03F0027545F /* Video 33 AligmentGuide */ = {
			isa = PBXGroup;
			children = (
				88D512D42B94C03F0027545F /* Screenshot 3.jpg */,
				88D512D52B94C03F0027545F /* Screenshot 2.jpg */,
				88D512D62B94C03F0027545F /* Screenshot 0.jpg */,
				88D512D72B94C03F0027545F /* Screenshot 1.jpg */,
			);
			path = "Video 33 AligmentGuide";
			sourceTree = "<group>";
		};
		88D512D82B94C03F0027545F /* Video 26 Subscriber */ = {
			isa = PBXGroup;
			children = (
				88D512D92B94C03F0027545F /* Screenshot 3.jpg */,
				88D512DA2B94C03F0027545F /* Screenshot 2.jpg */,
				88D512DB2B94C03F0027545F /* Screenshot 0.jpg */,
				88D512DC2B94C03F0027545F /* Screenshot 1.jpg */,
				88D512DD2B94C03F0027545F /* Screenshot 5.jpg */,
				88D512DE2B94C03F0027545F /* Screenshot 4.jpg */,
				88D512DF2B94C03F0027545F /* Screenshot 6.jpg */,
			);
			path = "Video 26 Subscriber";
			sourceTree = "<group>";
		};
		88D512E02B94C03F0027545F /* Video 14 Arrays */ = {
			isa = PBXGroup;
			children = (
				88D512E12B94C03F0027545F /* Screenshot 9.jpg */,
				88D512E22B94C03F0027545F /* Screenshot 8.jpg */,
				88D512E32B94C03F0027545F /* Screenshot 10.jpg */,
				88D512E42B94C03F0027545F /* Screenshot 3.jpg */,
				88D512E52B94C03F0027545F /* Screenshot 2.jpg */,
				88D512E62B94C03F0027545F /* Screenshot 0.jpg */,
				88D512E72B94C03F0027545F /* Screenshot 1.jpg */,
				88D512E82B94C03F0027545F /* Screenshot 5.jpg */,
				88D512E92B94C03F0027545F /* Screenshot 4.jpg */,
				88D512EA2B94C03F0027545F /* Screenshot 6.jpg */,
				88D512EB2B94C03F0027545F /* Screenshot 7.jpg */,
			);
			path = "Video 14 Arrays";
			sourceTree = "<group>";
		};
		88D512EC2B94C03F0027545F /* Video 19 WeakSelf */ = {
			isa = PBXGroup;
			children = (
				88D512ED2B94C03F0027545F /* Screenshot 3.jpg */,
				88D512EE2B94C03F0027545F /* Screenshot 2.jpg */,
				88D512EF2B94C03F0027545F /* Screenshot 0.jpg */,
				88D512F02B94C03F0027545F /* Screenshot 1.jpg */,
				88D512F12B94C03F0027545F /* Screenshot 4.jpg */,
			);
			path = "Video 19 WeakSelf";
			sourceTree = "<group>";
		};
		88D512F22B94C03F0027545F /* Video 8 MultipleSheets */ = {
			isa = PBXGroup;
			children = (
				88D512F32B94C03F0027545F /* Screenshot 2.jpg */,
				88D512F42B94C03F0027545F /* Screenshot 0.jpg */,
				88D512F52B94C03F0027545F /* Screenshot 1.jpg */,
			);
			path = "Video 8 MultipleSheets";
			sourceTree = "<group>";
		};
		88D512F62B94C03F0027545F /* Video 28 FileManager  */ = {
			isa = PBXGroup;
			children = (
				88D512F72B94C03F0027545F /* Screenshot 0.jpg */,
			);
			path = "Video 28 FileManager ";
			sourceTree = "<group>";
		};
		88D512F82B94C03F0027545F /* Video 23 DownloadWithEscapin */ = {
			isa = PBXGroup;
			children = (
				88D512F92B94C03F0027545F /* Screenshot 0.png */,
				88D512FA2B94C03F0027545F /* Screenshot 1.png */,
			);
			path = "Video 23 DownloadWithEscapin";
			sourceTree = "<group>";
		};
		88D512FB2B94C03F0027545F /* Video 21 Espacing */ = {
			isa = PBXGroup;
			children = (
				88D512FC2B94C03F0027545F /* Screenshot 2.jpg */,
				88D512FD2B94C03F0027545F /* Screenshot 0.jpg */,
				88D512FE2B94C03F0027545F /* Screenshot 1.jpg */,
			);
			path = "Video 21 Espacing";
			sourceTree = "<group>";
		};
		88D512FF2B94C03F0027545F /* Video 18 BackgroundThread */ = {
			isa = PBXGroup;
			children = (
				88D513002B94C03F0027545F /* Screenshot 0.jpg */,
				88D513012B94C03F0027545F /* Screenshot 1.jpg */,
			);
			path = "Video 18 BackgroundThread";
			sourceTree = "<group>";
		};
		88D513032B94C03F0027545F /* Video 20 Typealias */ = {
			isa = PBXGroup;
			children = (
				88D513042B94C03F0027545F /* Screenshot 0.jpg */,
			);
			path = "Video 20 Typealias";
			sourceTree = "<group>";
		};
		88D513052B94C03F0027545F /* Video 29 minispp */ = {
			isa = PBXGroup;
			children = (
				88D513062B94C03F0027545F /* Screenshot 2.jpg */,
				88D513072B94C03F0027545F /* Screenshot 0.jpg */,
				88D513082B94C03F0027545F /* Screenshot 1.jpg */,
			);
			path = "Video 29 minispp";
			sourceTree = "<group>";
		};
		88D513092B94C03F0027545F /* Video 9 Mask */ = {
			isa = PBXGroup;
			children = (
				88D5130A2B94C03F0027545F /* Screenshot 0.jpg */,
				88D5130B2B94C03F0027545F /* Screenshot 1.jpg */,
			);
			path = "Video 9 Mask";
			sourceTree = "<group>";
		};
		88D5130C2B94C03F0027545F /* Video 4 RotationGesture */ = {
			isa = PBXGroup;
			children = (
				88D5130D2B94C03F0027545F /* Screenshot 0.png */,
			);
			path = "Video 4 RotationGesture";
			sourceTree = "<group>";
		};
		88D5130E2B94C03F0027545F /* Video 7 GeomtryReader */ = {
			isa = PBXGroup;
			children = (
				88D5130F2B94C03F0027545F /* Screenshot 3.jpg */,
				88D513102B94C03F0027545F /* Screenshot 2.jpg */,
				88D513112B94C03F0027545F /* Screenshot 1.png */,
				88D513122B94C03F0027545F /* Screenshot 4.jpg */,
				88D513132B94C03F0027545F /* Screenshot 1-1.png */,
			);
			path = "Video 7 GeomtryReader";
			sourceTree = "<group>";
		};
		88D513142B94C03F0027545F /* Video 2 LongPressGesture */ = {
			isa = PBXGroup;
			children = (
				88D513152B94C03F0027545F /* Screenshot 0.jpg */,
			);
			path = "Video 2 LongPressGesture";
			sourceTree = "<group>";
		};
		88D513162B94C03F0027545F /* Video 32 AccesibilityVoice */ = {
			isa = PBXGroup;
			children = (
				88D513172B94C03F0027545F /* Screenshot 0.jpg */,
				88D513182B94C03F0027545F /* Screenshot 1.jpg */,
			);
			path = "Video 32 AccesibilityVoice";
			sourceTree = "<group>";
		};
		88D513192B94C03F0027545F /* Video 25 Timer */ = {
			isa = PBXGroup;
			children = (
				88D5131A2B94C03F0027545F /* Screenshot 8.jpg */,
				88D5131B2B94C03F0027545F /* Screenshot 3.jpg */,
				88D5131C2B94C03F0027545F /* Screenshot 2.jpg */,
				88D5131D2B94C03F0027545F /* Screenshot 0.jpg */,
				88D5131E2B94C03F0027545F /* Screenshot 1.jpg */,
				88D5131F2B94C03F0027545F /* Screenshot 5.jpg */,
				88D513202B94C03F0027545F /* Screenshot 4.jpg */,
				88D513212B94C03F0027545F /* Screenshot 6.jpg */,
				88D513222B94C03F0027545F /* Screenshot 7.jpg */,
			);
			path = "Video 25 Timer";
			sourceTree = "<group>";
		};
		88D513232B94C03F0027545F /* Video 12 LocalNotification */ = {
			isa = PBXGroup;
			children = (
				88D513242B94C03F0027545F /* Screenshot 2.png */,
				88D513252B94C03F0027545F /* Screenshot 0.png */,
				88D513262B94C03F0027545F /* Screenshot 1.png */,
			);
			path = "Video 12 LocalNotification";
			sourceTree = "<group>";
		};
		88D513272B94C03F0027545F /* Video 24 DownloadWithCombine */ = {
			isa = PBXGroup;
			children = (
				88D513282B94C03F0027545F /* Screenshot 0.png */,
			);
			path = "Video 24 DownloadWithCombine";
			sourceTree = "<group>";
		};
		88D513292B94C03F0027545F /* Video 6 ScrollViewReader */ = {
			isa = PBXGroup;
			children = (
				88D5132A2B94C03F0027545F /* Screenshot 2.jpg */,
				88D5132B2B94C03F0027545F /* Screenshot 0.jpg */,
				88D5132C2B94C03F0027545F /* Screenshot 1.jpg */,
			);
			path = "Video 6 ScrollViewReader";
			sourceTree = "<group>";
		};
		88D5132D2B94C03F0027545F /* Video 35 */ = {
			isa = PBXGroup;
			children = (
			);
			path = "Video 35";
			sourceTree = "<group>";
		};
		88D5132E2B94C03F0027545F /* Video 3 Magnification */ = {
			isa = PBXGroup;
			children = (
				88D5132F2B94C03F0027545F /* Screenshot 2.jpg */,
				88D513302B94C03F0027545F /* Screenshot 0.png */,
				88D513312B94C03F0027545F /* Screenshot 1.jpg */,
			);
			path = "Video 3 Magnification";
			sourceTree = "<group>";
		};
		88D513322B94C03F0027545F /* Video 11 Haptics */ = {
			isa = PBXGroup;
			children = (
				88D513332B94C03F0027545F /* Screenshot 0.jpg */,
			);
			path = "Video 11 Haptics";
			sourceTree = "<group>";
		};
		88D513342B94C03F0027545F /* Video 13 Hasable */ = {
			isa = PBXGroup;
			children = (
				88D513352B94C03F0027545F /* Screenshot 3.jpg */,
				88D513362B94C03F0027545F /* Screenshot 2.jpg */,
				88D513372B94C03F0027545F /* Screenshot 0.jpg */,
				88D513382B94C03F0027545F /* Screenshot 1.jpg */,
			);
			path = "Video 13 Hasable";
			sourceTree = "<group>";
		};
		88D513392B94C03F0027545F /* Video 34 */ = {
			isa = PBXGroup;
			children = (
			);
			path = "Video 34";
			sourceTree = "<group>";
		};
/* End PBXGroup section */

/* Begin PBXNativeTarget section */
		882EB5BE2B8538450007EB80 /* SwiftfulThinkingContinuedLearning */ = {
			isa = PBXNativeTarget;
			buildConfigurationList = 882EB5CD2B8538470007EB80 /* Build configuration list for PBXNativeTarget "SwiftfulThinkingContinuedLearning" */;
			buildPhases = (
				882EB5BB2B8538450007EB80 /* Sources */,
				882EB5BC2B8538450007EB80 /* Frameworks */,
				882EB5BD2B8538450007EB80 /* Resources */,
			);
			buildRules = (
			);
			dependencies = (
			);
			name = SwiftfulThinkingContinuedLearning;
			productName = SwiftfulThinkingContinuedLearning;
			productReference = 882EB5BF2B8538450007EB80 /* SwiftfulThinkingContinuedLearning.app */;
			productType = "com.apple.product-type.application";
		};
/* End PBXNativeTarget section */

/* Begin PBXProject section */
		882EB5B72B8538450007EB80 /* Project object */ = {
			isa = PBXProject;
			attributes = {
				BuildIndependentTargetsInParallel = 1;
				LastSwiftUpdateCheck = 1520;
				LastUpgradeCheck = 1520;
				TargetAttributes = {
					882EB5BE2B8538450007EB80 = {
						CreatedOnToolsVersion = 15.2;
					};
				};
			};
			buildConfigurationList = 882EB5BA2B8538450007EB80 /* Build configuration list for PBXProject "SwiftfulThinkingContinuedLearning" */;
			compatibilityVersion = "Xcode 14.0";
			developmentRegion = en;
			hasScannedForEncodings = 0;
			knownRegions = (
				en,
				Base,
			);
			mainGroup = 882EB5B62B8538450007EB80;
			productRefGroup = 882EB5C02B8538450007EB80 /* Products */;
			projectDirPath = "";
			projectRoot = "";
			targets = (
				882EB5BE2B8538450007EB80 /* SwiftfulThinkingContinuedLearning */,
			);
		};
/* End PBXProject section */

/* Begin PBXResourcesBuildPhase section */
		882EB5BD2B8538450007EB80 /* Resources */ = {
			isa = PBXResourcesBuildPhase;
			buildActionMask = 2147483647;
			files = (
				882EB5EB2B87FEF70007EB80 /* tada.mp3 in Resources */,
				88D5137C2B94C03F0027545F /* Screenshot 1.jpg in Resources */,
				88D5135F2B94C03F0027545F /* Screenshot 2.jpg in Resources */,
				88D513592B94C03F0027545F /* Screenshot 4.jpg in Resources */,
				88D5136F2B94C03F0027545F /* Screenshot 0.png in Resources */,
				88D513472B94C03F0027545F /* Screenshot 4.jpg in Resources */,
				88D5139D2B94C03F0027545F /* Screenshot 1.jpg in Resources */,
				88D513652B94C03F0027545F /* Screenshot 7.jpg in Resources */,
				88D513782B94C03F0027545F /* Screenshot 2.jpg in Resources */,
				88D513542B94C03F0027545F /* Screenshot 3.jpg in Resources */,
				88D513692B94C03F0027545F /* Screenshot 1.jpg in Resources */,
				88D5136E2B94C03F0027545F /* Screenshot 0.jpg in Resources */,
				88D513432B94C03F0027545F /* Screenshot 2.jpg in Resources */,
				88D513562B94C03F0027545F /* Screenshot 0.jpg in Resources */,
				88D5139C2B94C03F0027545F /* Screenshot 0.jpg in Resources */,
				88D513892B94C03F0027545F /* Screenshot 0.jpg in Resources */,
				88D513492B94C03F0027545F /* Screenshot 2.png in Resources */,
				88D5137B2B94C03F0027545F /* Screenshot 0.jpg in Resources */,
				88D5138C2B94C03F0027545F /* Screenshot 4.jpg in Resources */,
				88D513662B94C03F0027545F /* Screenshot 3.jpg in Resources */,
				88D5135C2B94C03F0027545F /* Screenshot 8.jpg in Resources */,
				88D5133E2B94C03F0027545F /* Screenshot 1.jpg in Resources */,
				88D5137A2B94C03F0027545F /* Screenshot 1.jpg in Resources */,
				88D513862B94C03F0027545F /* Screenshot 8.jpg in Resources */,
				88D513912B94C03F0027545F /* Screenshot 1.png in Resources */,
				88D5134D2B94C03F0027545F /* Screenshot 4.png in Resources */,
				88D5138F2B94C03F0027545F /* Screenshot 2.png in Resources */,
				88D5136D2B94C03F0027545F /* Screenshot 1.jpg in Resources */,
				88D513642B94C03F0027545F /* Screenshot 6.jpg in Resources */,
				88D5133C2B94C03F0027545F /* Screenshot 2.jpg in Resources */,
				88D513802B94C03F0027545F /* Screenshot 1.png in Resources */,
				88D5135E2B94C03F0027545F /* Screenshot 3.jpg in Resources */,
				88D513882B94C03F0027545F /* Screenshot 2.jpg in Resources */,
				882EB5E92B87FEE90007EB80 /* badum.mp3 in Resources */,
				88D5137F2B94C03F0027545F /* Screenshot 2.jpg in Resources */,
				88D5134C2B94C03F0027545F /* Screenshot 5.png in Resources */,
				88D513822B94C03F0027545F /* Screenshot 1-1.png in Resources */,
				88D513702B94C03F0027545F /* Screenshot 1.png in Resources */,
				88D5136B2B94C03F0027545F /* Screenshot 2.jpg in Resources */,
				88D5139B2B94C03F0027545F /* Screenshot 2.jpg in Resources */,
				882EB5CA2B8538470007EB80 /* Preview Assets.xcassets in Resources */,
				88D5133A2B94C03F0027545F /* Screenshot 0.jpg in Resources */,
				88D5133D2B94C03F0027545F /* Screenshot 0.jpg in Resources */,
				88D5135A2B94C03F0027545F /* Screenshot 6.jpg in Resources */,
				88D513462B94C03F0027545F /* Screenshot 5.jpg in Resources */,
				88D513672B94C03F0027545F /* Screenshot 2.jpg in Resources */,
				88D513732B94C03F0027545F /* Screenshot 1.jpg in Resources */,
				88D513482B94C03F0027545F /* Screenshot 3.png in Resources */,
				88D5138D2B94C03F0027545F /* Screenshot 6.jpg in Resources */,
				88D513952B94C03F0027545F /* Screenshot 1.jpg in Resources */,
				88D513552B94C03F0027545F /* Screenshot 2.jpg in Resources */,
				88D513442B94C03F0027545F /* Screenshot 0.png in Resources */,
				88D513842B94C03F0027545F /* Screenshot 0.jpg in Resources */,
				88D513582B94C03F0027545F /* Screenshot 5.jpg in Resources */,
				88D513682B94C03F0027545F /* Screenshot 0.jpg in Resources */,
				88D513832B94C03F0027545F /* Screenshot 0.jpg in Resources */,
				88D513992B94C03F0027545F /* Screenshot 0.jpg in Resources */,
				88D513512B94C03F0027545F /* Screenshot 2.jpg in Resources */,
				88D513922B94C03F0027545F /* Screenshot 0.png in Resources */,
				88D5137D2B94C03F0027545F /* Screenshot 0.png in Resources */,
				88D5138B2B94C03F0027545F /* Screenshot 5.jpg in Resources */,
				88D513772B94C03F0027545F /* Screenshot 0.jpg in Resources */,
				88D513932B94C03F0027545F /* Screenshot 2.jpg in Resources */,
				88D513812B94C03F0027545F /* Screenshot 4.jpg in Resources */,
				88D513762B94C03F0027545F /* Simulator Screenshot - iPhone 15 Pro - 2024-03-01 at 19.57.50.png in Resources */,
				88D5134A2B94C03F0027545F /* Screenshot 0.jpg in Resources */,
				88D513872B94C03F0027545F /* Screenshot 3.jpg in Resources */,
				88D513412B94C03F0027545F /* Screenshot 6.jpg in Resources */,
				88D5133B2B94C03F0027545F /* Screenshot 3.jpg in Resources */,
				88D513622B94C03F0027545F /* Screenshot 5.jpg in Resources */,
				88D513902B94C03F0027545F /* Screenshot 0.png in Resources */,
				88D5138A2B94C03F0027545F /* Screenshot 1.jpg in Resources */,
				88D5134B2B94C03F0027545F /* Screenshot 1.png in Resources */,
				88D5137E2B94C03F0027545F /* Screenshot 3.jpg in Resources */,
				88D513792B94C03F0027545F /* Screenshot 0.jpg in Resources */,
				88D5135B2B94C03F0027545F /* Screenshot 9.jpg in Resources */,
				88D513502B94C03F0027545F /* Screenshot 3.jpg in Resources */,
				88D513712B94C03F0027545F /* Screenshot 2.jpg in Resources */,
				88D513572B94C03F0027545F /* Screenshot 1.jpg in Resources */,
				88D513752B94C03F0027545F /* Screenshot 1.jpg in Resources */,
				88D513402B94C03F0027545F /* Screenshot 4.jpg in Resources */,
				88D5136A2B94C03F0027545F /* Screenshot 4.jpg in Resources */,
				88D513422B94C03F0027545F /* Screenshot 3.jpg in Resources */,
				88D513962B94C03F0027545F /* Screenshot 2.jpg in Resources */,
				88D5133F2B94C03F0027545F /* Screenshot 5.jpg in Resources */,
				88D513452B94C03F0027545F /* Screenshot 1.jpg in Resources */,
				88D513982B94C03F0027545F /* Screenshot 1.jpg in Resources */,
				88D513522B94C03F0027545F /* Screenshot 0.jpg in Resources */,
				88D513972B94C03F0027545F /* Screenshot 0.png in Resources */,
				88D513722B94C03F0027545F /* Screenshot 0.jpg in Resources */,
				88D5134E2B94C03F0027545F /* Screenshot 6.png in Resources */,
				88D513942B94C03F0027545F /* Screenshot 0.jpg in Resources */,
				88D513612B94C03F0027545F /* Screenshot 1.jpg in Resources */,
				88D5139A2B94C03F0027545F /* Screenshot 3.jpg in Resources */,
				88D5138E2B94C03F0027545F /* Screenshot 7.jpg in Resources */,
				88D513742B94C03F0027545F /* Screenshot 0.jpg in Resources */,
				88D5136C2B94C03F0027545F /* Screenshot 0.jpg in Resources */,
				88D513602B94C03F0027545F /* Screenshot 0.jpg in Resources */,
				88D5134F2B94C03F0027545F /* Screenshot 7.png in Resources */,
				88D513532B94C03F0027545F /* Screenshot 1.jpg in Resources */,
				882EB5C72B8538470007EB80 /* Assets.xcassets in Resources */,
				88D5135D2B94C03F0027545F /* Screenshot 10.jpg in Resources */,
				88D513852B94C03F0027545F /* Screenshot 1.jpg in Resources */,
				88D513632B94C03F0027545F /* Screenshot 4.jpg in Resources */,
			);
			runOnlyForDeploymentPostprocessing = 0;
		};
/* End PBXResourcesBuildPhase section */

/* Begin PBXSourcesBuildPhase section */
		882EB5BB2B8538450007EB80 /* Sources */ = {
			isa = PBXSourcesBuildPhase;
			buildActionMask = 2147483647;
			files = (
				88D512A22B921DDC0027545F /* DownloadingImagesViewModel.swift in Sources */,
				882EB5DD2B87812D0007EB80 /* 7.GeomtryReaderBootcamp.swift in Sources */,
				882EB5D52B86605B0007EB80 /* 4.RotationGestureBootcamp.swift in Sources */,
				882EB5E62B87F0F50007EB80 /* 10.SoundsBootcamp.swift in Sources */,
				8861D13A2B8A7E7D00868CD1 /* 19.WeakSelfBootcamp.swift in Sources */,
				8861D13E2B8B7B3D00868CD1 /* 21.EspacingBootcamp.swift in Sources */,
				889B5EC12B8CEEBF008F5C83 /* DownloadWithCombine.swift in Sources */,
				882EB5F12B8911FC0007EB80 /* 13.HasableBootcamp.swift in Sources */,
				88D5129E2B92178E0027545F /* DownloadingImagesBootcamp.swift in Sources */,
				88D512B02B9340B10027545F /* 30.AccessibilityTextBoocamp.swift in Sources */,
				88D512B22B9367FD0027545F /* 31.AccesibilityColorsBootcamp.swift in Sources */,
				88D512A82B9272B70027545F /* DownloadingImageView.swift in Sources */,
				8861D1402B8B8DEB00868CD1 /* 22.CodableBootcamp.swift in Sources */,
				882EB5C52B8538450007EB80 /* ContentView.swift in Sources */,
				882EB5DB2B8774120007EB80 /* 6.ScrollViewReaderBootcamp.swift in Sources */,
				88D512AC2B928D740027545F /* PhotoModelCacheManager.swift in Sources */,
				8856F0732B8A313200DD87F6 /* 18.BackgroundThreadBootcamp.swift in Sources */,
				882EB5EF2B88E7EA0007EB80 /* 12.LocalNotificationBootcamp.swift in Sources */,
				889B5EC32B8E061F008F5C83 /* 25.TimerBootcamp.swift in Sources */,
				882EB5E42B87C44A0007EB80 /* 9.MaskBootcamp.swift in Sources */,
				88D512B42B93781E0027545F /* 32.AccesibilityVoiceBootcamp.swift in Sources */,
				882EB5C32B8538450007EB80 /* SwiftfulThinkingContinuedLearningApp.swift in Sources */,
				882EB5ED2B88DBC90007EB80 /* 11.HapticsBootcamp.swift in Sources */,
				882EB5D92B86B2C50007EB80 /* 5.DragGestureBootcamp2.swift in Sources */,
				88D512A02B921B440027545F /* PhotoModel.swift in Sources */,
				889B5EC72B8F611F008F5C83 /* 28.FileManagerBootcamp.swift in Sources */,
				8861D13C2B8ABE6100868CD1 /* 20.TypealiasBootcamp.swift in Sources */,
				889B5EC52B8E21BE008F5C83 /* 26.SubscriberBootcamp.swift in Sources */,
				88995B4A2B8CBBC70002A582 /* DownloadWithEscapingBootcamp.swift in Sources */,
				88D512A62B9270280027545F /* DownloadingImagesRow.swift in Sources */,
				882EB5E22B878BEB0007EB80 /* 8.MultipleSheetsBootcamp.swift in Sources */,
				88D512B62B94A3670027545F /* 33.AligmentGuideBootcamp.swift in Sources */,
				88D512AA2B9273CA0027545F /* ImageLoadingViewModel.swift in Sources */,
				882EB5F32B8925CC0007EB80 /* 14.ArraysBootcamp.swift in Sources */,
				88D512A42B9250EA0027545F /* PhotoModelDataService.swift in Sources */,
				882EB5D12B8539710007EB80 /* 2.LongPressGestureBootcamp.swift in Sources */,
				882EB5D32B86364A0007EB80 /* 3.MagnificationBootcamp.swift in Sources */,
				882EB5D72B86A6D70007EB80 /* 5.GragGestoreBoocamp.swift in Sources */,
				88D512AE2B9295850027545F /* PhotoModelFileManager.swift in Sources */,
			);
			runOnlyForDeploymentPostprocessing = 0;
		};
/* End PBXSourcesBuildPhase section */

/* Begin XCBuildConfiguration section */
		882EB5CB2B8538470007EB80 /* Debug */ = {
			isa = XCBuildConfiguration;
			buildSettings = {
				ALWAYS_SEARCH_USER_PATHS = NO;
				ASSETCATALOG_COMPILER_GENERATE_SWIFT_ASSET_SYMBOL_EXTENSIONS = YES;
				CLANG_ANALYZER_NONNULL = YES;
				CLANG_ANALYZER_NUMBER_OBJECT_CONVERSION = YES_AGGRESSIVE;
				CLANG_CXX_LANGUAGE_STANDARD = "gnu++20";
				CLANG_ENABLE_MODULES = YES;
				CLANG_ENABLE_OBJC_ARC = YES;
				CLANG_ENABLE_OBJC_WEAK = YES;
				CLANG_WARN_BLOCK_CAPTURE_AUTORELEASING = YES;
				CLANG_WARN_BOOL_CONVERSION = YES;
				CLANG_WARN_COMMA = YES;
				CLANG_WARN_CONSTANT_CONVERSION = YES;
				CLANG_WARN_DEPRECATED_OBJC_IMPLEMENTATIONS = YES;
				CLANG_WARN_DIRECT_OBJC_ISA_USAGE = YES_ERROR;
				CLANG_WARN_DOCUMENTATION_COMMENTS = YES;
				CLANG_WARN_EMPTY_BODY = YES;
				CLANG_WARN_ENUM_CONVERSION = YES;
				CLANG_WARN_INFINITE_RECURSION = YES;
				CLANG_WARN_INT_CONVERSION = YES;
				CLANG_WARN_NON_LITERAL_NULL_CONVERSION = YES;
				CLANG_WARN_OBJC_IMPLICIT_RETAIN_SELF = YES;
				CLANG_WARN_OBJC_LITERAL_CONVERSION = YES;
				CLANG_WARN_OBJC_ROOT_CLASS = YES_ERROR;
				CLANG_WARN_QUOTED_INCLUDE_IN_FRAMEWORK_HEADER = YES;
				CLANG_WARN_RANGE_LOOP_ANALYSIS = YES;
				CLANG_WARN_STRICT_PROTOTYPES = YES;
				CLANG_WARN_SUSPICIOUS_MOVE = YES;
				CLANG_WARN_UNGUARDED_AVAILABILITY = YES_AGGRESSIVE;
				CLANG_WARN_UNREACHABLE_CODE = YES;
				CLANG_WARN__DUPLICATE_METHOD_MATCH = YES;
				COPY_PHASE_STRIP = NO;
				DEBUG_INFORMATION_FORMAT = dwarf;
				ENABLE_STRICT_OBJC_MSGSEND = YES;
				ENABLE_TESTABILITY = YES;
				ENABLE_USER_SCRIPT_SANDBOXING = YES;
				GCC_C_LANGUAGE_STANDARD = gnu17;
				GCC_DYNAMIC_NO_PIC = NO;
				GCC_NO_COMMON_BLOCKS = YES;
				GCC_OPTIMIZATION_LEVEL = 0;
				GCC_PREPROCESSOR_DEFINITIONS = (
					"DEBUG=1",
					"$(inherited)",
				);
				GCC_WARN_64_TO_32_BIT_CONVERSION = YES;
				GCC_WARN_ABOUT_RETURN_TYPE = YES_ERROR;
				GCC_WARN_UNDECLARED_SELECTOR = YES;
				GCC_WARN_UNINITIALIZED_AUTOS = YES_AGGRESSIVE;
				GCC_WARN_UNUSED_FUNCTION = YES;
				GCC_WARN_UNUSED_VARIABLE = YES;
				IPHONEOS_DEPLOYMENT_TARGET = 17.2;
				LOCALIZATION_PREFERS_STRING_CATALOGS = YES;
				MTL_ENABLE_DEBUG_INFO = INCLUDE_SOURCE;
				MTL_FAST_MATH = YES;
				ONLY_ACTIVE_ARCH = YES;
				SDKROOT = iphoneos;
				SWIFT_ACTIVE_COMPILATION_CONDITIONS = "DEBUG $(inherited)";
				SWIFT_OPTIMIZATION_LEVEL = "-Onone";
			};
			name = Debug;
		};
		882EB5CC2B8538470007EB80 /* Release */ = {
			isa = XCBuildConfiguration;
			buildSettings = {
				ALWAYS_SEARCH_USER_PATHS = NO;
				ASSETCATALOG_COMPILER_GENERATE_SWIFT_ASSET_SYMBOL_EXTENSIONS = YES;
				CLANG_ANALYZER_NONNULL = YES;
				CLANG_ANALYZER_NUMBER_OBJECT_CONVERSION = YES_AGGRESSIVE;
				CLANG_CXX_LANGUAGE_STANDARD = "gnu++20";
				CLANG_ENABLE_MODULES = YES;
				CLANG_ENABLE_OBJC_ARC = YES;
				CLANG_ENABLE_OBJC_WEAK = YES;
				CLANG_WARN_BLOCK_CAPTURE_AUTORELEASING = YES;
				CLANG_WARN_BOOL_CONVERSION = YES;
				CLANG_WARN_COMMA = YES;
				CLANG_WARN_CONSTANT_CONVERSION = YES;
				CLANG_WARN_DEPRECATED_OBJC_IMPLEMENTATIONS = YES;
				CLANG_WARN_DIRECT_OBJC_ISA_USAGE = YES_ERROR;
				CLANG_WARN_DOCUMENTATION_COMMENTS = YES;
				CLANG_WARN_EMPTY_BODY = YES;
				CLANG_WARN_ENUM_CONVERSION = YES;
				CLANG_WARN_INFINITE_RECURSION = YES;
				CLANG_WARN_INT_CONVERSION = YES;
				CLANG_WARN_NON_LITERAL_NULL_CONVERSION = YES;
				CLANG_WARN_OBJC_IMPLICIT_RETAIN_SELF = YES;
				CLANG_WARN_OBJC_LITERAL_CONVERSION = YES;
				CLANG_WARN_OBJC_ROOT_CLASS = YES_ERROR;
				CLANG_WARN_QUOTED_INCLUDE_IN_FRAMEWORK_HEADER = YES;
				CLANG_WARN_RANGE_LOOP_ANALYSIS = YES;
				CLANG_WARN_STRICT_PROTOTYPES = YES;
				CLANG_WARN_SUSPICIOUS_MOVE = YES;
				CLANG_WARN_UNGUARDED_AVAILABILITY = YES_AGGRESSIVE;
				CLANG_WARN_UNREACHABLE_CODE = YES;
				CLANG_WARN__DUPLICATE_METHOD_MATCH = YES;
				COPY_PHASE_STRIP = NO;
				DEBUG_INFORMATION_FORMAT = "dwarf-with-dsym";
				ENABLE_NS_ASSERTIONS = NO;
				ENABLE_STRICT_OBJC_MSGSEND = YES;
				ENABLE_USER_SCRIPT_SANDBOXING = YES;
				GCC_C_LANGUAGE_STANDARD = gnu17;
				GCC_NO_COMMON_BLOCKS = YES;
				GCC_WARN_64_TO_32_BIT_CONVERSION = YES;
				GCC_WARN_ABOUT_RETURN_TYPE = YES_ERROR;
				GCC_WARN_UNDECLARED_SELECTOR = YES;
				GCC_WARN_UNINITIALIZED_AUTOS = YES_AGGRESSIVE;
				GCC_WARN_UNUSED_FUNCTION = YES;
				GCC_WARN_UNUSED_VARIABLE = YES;
				IPHONEOS_DEPLOYMENT_TARGET = 17.2;
				LOCALIZATION_PREFERS_STRING_CATALOGS = YES;
				MTL_ENABLE_DEBUG_INFO = NO;
				MTL_FAST_MATH = YES;
				SDKROOT = iphoneos;
				SWIFT_COMPILATION_MODE = wholemodule;
				VALIDATE_PRODUCT = YES;
			};
			name = Release;
		};
		882EB5CE2B8538470007EB80 /* Debug */ = {
			isa = XCBuildConfiguration;
			buildSettings = {
				ASSETCATALOG_COMPILER_APPICON_NAME = AppIcon;
				ASSETCATALOG_COMPILER_GLOBAL_ACCENT_COLOR_NAME = AccentColor;
				CODE_SIGN_STYLE = Automatic;
				CURRENT_PROJECT_VERSION = 1;
				DEVELOPMENT_ASSET_PATHS = "\"SwiftfulThinkingContinuedLearning/Preview Content\"";
				DEVELOPMENT_TEAM = MZ5DY389GQ;
				ENABLE_PREVIEWS = YES;
				GENERATE_INFOPLIST_FILE = YES;
				INFOPLIST_KEY_UIApplicationSceneManifest_Generation = YES;
				INFOPLIST_KEY_UIApplicationSupportsIndirectInputEvents = YES;
				INFOPLIST_KEY_UILaunchScreen_Generation = YES;
				INFOPLIST_KEY_UISupportedInterfaceOrientations_iPad = "UIInterfaceOrientationPortrait UIInterfaceOrientationPortraitUpsideDown UIInterfaceOrientationLandscapeLeft UIInterfaceOrientationLandscapeRight";
				INFOPLIST_KEY_UISupportedInterfaceOrientations_iPhone = "UIInterfaceOrientationPortrait UIInterfaceOrientationLandscapeLeft UIInterfaceOrientationLandscapeRight";
				LD_RUNPATH_SEARCH_PATHS = (
					"$(inherited)",
					"@executable_path/Frameworks",
				);
				MARKETING_VERSION = 1.0;
				PRODUCT_BUNDLE_IDENTIFIER = com.julian.SwiftfulThinkingContinuedLearning;
				PRODUCT_NAME = "$(TARGET_NAME)";
				SWIFT_EMIT_LOC_STRINGS = YES;
				SWIFT_VERSION = 5.0;
				TARGETED_DEVICE_FAMILY = "1,2";
			};
			name = Debug;
		};
		882EB5CF2B8538470007EB80 /* Release */ = {
			isa = XCBuildConfiguration;
			buildSettings = {
				ASSETCATALOG_COMPILER_APPICON_NAME = AppIcon;
				ASSETCATALOG_COMPILER_GLOBAL_ACCENT_COLOR_NAME = AccentColor;
				CODE_SIGN_STYLE = Automatic;
				CURRENT_PROJECT_VERSION = 1;
				DEVELOPMENT_ASSET_PATHS = "\"SwiftfulThinkingContinuedLearning/Preview Content\"";
				DEVELOPMENT_TEAM = MZ5DY389GQ;
				ENABLE_PREVIEWS = YES;
				GENERATE_INFOPLIST_FILE = YES;
				INFOPLIST_KEY_UIApplicationSceneManifest_Generation = YES;
				INFOPLIST_KEY_UIApplicationSupportsIndirectInputEvents = YES;
				INFOPLIST_KEY_UILaunchScreen_Generation = YES;
				INFOPLIST_KEY_UISupportedInterfaceOrientations_iPad = "UIInterfaceOrientationPortrait UIInterfaceOrientationPortraitUpsideDown UIInterfaceOrientationLandscapeLeft UIInterfaceOrientationLandscapeRight";
				INFOPLIST_KEY_UISupportedInterfaceOrientations_iPhone = "UIInterfaceOrientationPortrait UIInterfaceOrientationLandscapeLeft UIInterfaceOrientationLandscapeRight";
				LD_RUNPATH_SEARCH_PATHS = (
					"$(inherited)",
					"@executable_path/Frameworks",
				);
				MARKETING_VERSION = 1.0;
				PRODUCT_BUNDLE_IDENTIFIER = com.julian.SwiftfulThinkingContinuedLearning;
				PRODUCT_NAME = "$(TARGET_NAME)";
				SWIFT_EMIT_LOC_STRINGS = YES;
				SWIFT_VERSION = 5.0;
				TARGETED_DEVICE_FAMILY = "1,2";
			};
			name = Release;
		};
/* End XCBuildConfiguration section */

/* Begin XCConfigurationList section */
		882EB5BA2B8538450007EB80 /* Build configuration list for PBXProject "SwiftfulThinkingContinuedLearning" */ = {
			isa = XCConfigurationList;
			buildConfigurations = (
				882EB5CB2B8538470007EB80 /* Debug */,
				882EB5CC2B8538470007EB80 /* Release */,
			);
			defaultConfigurationIsVisible = 0;
			defaultConfigurationName = Release;
		};
		882EB5CD2B8538470007EB80 /* Build configuration list for PBXNativeTarget "SwiftfulThinkingContinuedLearning" */ = {
			isa = XCConfigurationList;
			buildConfigurations = (
				882EB5CE2B8538470007EB80 /* Debug */,
				882EB5CF2B8538470007EB80 /* Release */,
			);
			defaultConfigurationIsVisible = 0;
			defaultConfigurationName = Release;
		};
/* End XCConfigurationList section */
	};
	rootObject = 882EB5B72B8538450007EB80 /* Project object */;
}
